// !$*UTF8*$!
{
	archiveVersion = 1;
	classes = {
	};
	objectVersion = 47;
	objects = {

/* Begin PBXBuildFile section */
		423881BB1F0EA39D002B2B0D /* Authorization.swift in Sources */ = {isa = PBXBuildFile; fileRef = 4238818A1F0EA39D002B2B0D /* Authorization.swift */; };
		423881BC1F0EA39D002B2B0D /* Client.swift in Sources */ = {isa = PBXBuildFile; fileRef = 4238818B1F0EA39D002B2B0D /* Client.swift */; };
		423881BD1F0EA39D002B2B0D /* AttachmentCreationModel.swift in Sources */ = {isa = PBXBuildFile; fileRef = 4238818D1F0EA39D002B2B0D /* AttachmentCreationModel.swift */; };
		423881BE1F0EA39D002B2B0D /* ConversationCreationModel.swift in Sources */ = {isa = PBXBuildFile; fileRef = 4238818E1F0EA39D002B2B0D /* ConversationCreationModel.swift */; };
		423881BF1F0EA39D002B2B0D /* Creation.swift in Sources */ = {isa = PBXBuildFile; fileRef = 4238818F1F0EA39D002B2B0D /* Creation.swift */; };
		423881C01F0EA39D002B2B0D /* MessageCreationModel.swift in Sources */ = {isa = PBXBuildFile; fileRef = 423881901F0EA39D002B2B0D /* MessageCreationModel.swift */; };
		423881C11F0EA39D002B2B0D /* RatingCreationModel.swift in Sources */ = {isa = PBXBuildFile; fileRef = 423881911F0EA39D002B2B0D /* RatingCreationModel.swift */; };
		423881C21F0EA39D002B2B0D /* Any+Data.swift in Sources */ = {isa = PBXBuildFile; fileRef = 423881931F0EA39D002B2B0D /* Any+Data.swift */; };
		423881C31F0EA39D002B2B0D /* Array+FirstSecondThird.swift in Sources */ = {isa = PBXBuildFile; fileRef = 423881941F0EA39D002B2B0D /* Array+FirstSecondThird.swift */; };
		423881C41F0EA39D002B2B0D /* Array+RandomElement.swift in Sources */ = {isa = PBXBuildFile; fileRef = 423881951F0EA39D002B2B0D /* Array+RandomElement.swift */; };
		423881C51F0EA39D002B2B0D /* CharacterSet+URLQueryParams.swift in Sources */ = {isa = PBXBuildFile; fileRef = 423881961F0EA39D002B2B0D /* CharacterSet+URLQueryParams.swift */; };
		423881C61F0EA39D002B2B0D /* Dictionary+formURLEncoded.swift in Sources */ = {isa = PBXBuildFile; fileRef = 423881971F0EA39D002B2B0D /* Dictionary+formURLEncoded.swift */; };
		423881C71F0EA39D002B2B0D /* NSURLSession.swift in Sources */ = {isa = PBXBuildFile; fileRef = 423881981F0EA39D002B2B0D /* NSURLSession.swift */; };
		423881C81F0EA39D002B2B0D /* String+EmailValidation.swift in Sources */ = {isa = PBXBuildFile; fileRef = 423881991F0EA39D002B2B0D /* String+EmailValidation.swift */; };
		423881C91F0EA39D002B2B0D /* Unbox+ISO8601.swift in Sources */ = {isa = PBXBuildFile; fileRef = 4238819A1F0EA39D002B2B0D /* Unbox+ISO8601.swift */; };
		423881CA1F0EA39D002B2B0D /* Unbox+MessageStatus.swift in Sources */ = {isa = PBXBuildFile; fileRef = 4238819B1F0EA39D002B2B0D /* Unbox+MessageStatus.swift */; };
		423881CB1F0EA39D002B2B0D /* URL+Unboxable.swift in Sources */ = {isa = PBXBuildFile; fileRef = 4238819C1F0EA39D002B2B0D /* URL+Unboxable.swift */; };
		423881CC1F0EA39D002B2B0D /* URLRequest+cURL.swift in Sources */ = {isa = PBXBuildFile; fileRef = 4238819D1F0EA39D002B2B0D /* URLRequest+cURL.swift */; };
		423881CD1F0EA39D002B2B0D /* URLSession+Validation.swift in Sources */ = {isa = PBXBuildFile; fileRef = 4238819E1F0EA39D002B2B0D /* URLSession+Validation.swift */; };
		423881CE1F0EA39D002B2B0D /* KayakoAPI.swift in Sources */ = {isa = PBXBuildFile; fileRef = 4238819F1F0EA39D002B2B0D /* KayakoAPI.swift */; };
		423881CF1F0EA39D002B2B0D /* KayakoNotifications.swift in Sources */ = {isa = PBXBuildFile; fileRef = 423881A01F0EA39D002B2B0D /* KayakoNotifications.swift */; };
		423881D01F0EA39D002B2B0D /* Attachment.swift in Sources */ = {isa = PBXBuildFile; fileRef = 423881A21F0EA39D002B2B0D /* Attachment.swift */; };
		423881D11F0EA39D002B2B0D /* AttachmentMIMEType.swift in Sources */ = {isa = PBXBuildFile; fileRef = 423881A31F0EA39D002B2B0D /* AttachmentMIMEType.swift */; };
		423881D21F0EA39D002B2B0D /* BotFeedback.swift in Sources */ = {isa = PBXBuildFile; fileRef = 423881A41F0EA39D002B2B0D /* BotFeedback.swift */; };
		423881D31F0EA39D002B2B0D /* Conversation.swift in Sources */ = {isa = PBXBuildFile; fileRef = 423881A51F0EA39D002B2B0D /* Conversation.swift */; };
		423881D41F0EA39D002B2B0D /* Message.swift in Sources */ = {isa = PBXBuildFile; fileRef = 423881A61F0EA39D002B2B0D /* Message.swift */; };
		423881D51F0EA39D002B2B0D /* MessageStatus.swift in Sources */ = {isa = PBXBuildFile; fileRef = 423881A71F0EA39D002B2B0D /* MessageStatus.swift */; };
		423881D61F0EA39D002B2B0D /* Rating.swift in Sources */ = {isa = PBXBuildFile; fileRef = 423881A81F0EA39D002B2B0D /* Rating.swift */; };
		423881D71F0EA39D002B2B0D /* SourceChannel.swift in Sources */ = {isa = PBXBuildFile; fileRef = 423881A91F0EA39D002B2B0D /* SourceChannel.swift */; };
		423881D81F0EA39D002B2B0D /* StarterData.swift in Sources */ = {isa = PBXBuildFile; fileRef = 423881AA1F0EA39D002B2B0D /* StarterData.swift */; };
		423881D91F0EA39D002B2B0D /* UserMinimal.swift in Sources */ = {isa = PBXBuildFile; fileRef = 423881AB1F0EA39D002B2B0D /* UserMinimal.swift */; };
		423881DA1F0EA39D002B2B0D /* ParameterType.swift in Sources */ = {isa = PBXBuildFile; fileRef = 423881AD1F0EA39D002B2B0D /* ParameterType.swift */; };
		423881DB1F0EA39D002B2B0D /* RequestMethod.swift in Sources */ = {isa = PBXBuildFile; fileRef = 423881AE1F0EA39D002B2B0D /* RequestMethod.swift */; };
		423881DC1F0EA39D002B2B0D /* ResponseType.swift in Sources */ = {isa = PBXBuildFile; fileRef = 423881AF1F0EA39D002B2B0D /* ResponseType.swift */; };
		423881DD1F0EA39D002B2B0D /* Result.swift in Sources */ = {isa = PBXBuildFile; fileRef = 423881B01F0EA39D002B2B0D /* Result.swift */; };
		423881DE1F0EA39D002B2B0D /* StatusCodeType.swift in Sources */ = {isa = PBXBuildFile; fileRef = 423881B11F0EA39D002B2B0D /* StatusCodeType.swift */; };
		423881DF1F0EA39D002B2B0D /* NetworkResource.swift in Sources */ = {isa = PBXBuildFile; fileRef = 423881B21F0EA39D002B2B0D /* NetworkResource.swift */; };
		423881E01F0EA39D002B2B0D /* Parser.swift in Sources */ = {isa = PBXBuildFile; fileRef = 423881B31F0EA39D002B2B0D /* Parser.swift */; };
		423881E11F0EA39D002B2B0D /* Production.swift in Sources */ = {isa = PBXBuildFile; fileRef = 423881B41F0EA39D002B2B0D /* Production.swift */; };
		423881E21F0EA39D002B2B0D /* KayakoType.swift in Sources */ = {isa = PBXBuildFile; fileRef = 423881B61F0EA39D002B2B0D /* KayakoType.swift */; };
		423881E31F0EA39D002B2B0D /* Pathable.swift in Sources */ = {isa = PBXBuildFile; fileRef = 423881B71F0EA39D002B2B0D /* Pathable.swift */; };
		423881E41F0EA39D002B2B0D /* Resource.swift in Sources */ = {isa = PBXBuildFile; fileRef = 423881B81F0EA39D002B2B0D /* Resource.swift */; };
		423881E51F0EA39D002B2B0D /* ResourceName.swift in Sources */ = {isa = PBXBuildFile; fileRef = 423881B91F0EA39D002B2B0D /* ResourceName.swift */; };
		423881E61F0EA39D002B2B0D /* Router.swift in Sources */ = {isa = PBXBuildFile; fileRef = 423881BA1F0EA39D002B2B0D /* Router.swift */; };
		4238823D1F0EA81A002B2B0D /* ArrayDiff.swift in Sources */ = {isa = PBXBuildFile; fileRef = 423881F11F0EA81A002B2B0D /* ArrayDiff.swift */; };
		4238823E1F0EA81A002B2B0D /* FoundationExtensions.swift in Sources */ = {isa = PBXBuildFile; fileRef = 423881F21F0EA81A002B2B0D /* FoundationExtensions.swift */; };
		4238823F1F0EA81A002B2B0D /* Section.swift in Sources */ = {isa = PBXBuildFile; fileRef = 423881F31F0EA81A002B2B0D /* Section.swift */; };
		423882401F0EA81A002B2B0D /* ConversationsSource.swift in Sources */ = {isa = PBXBuildFile; fileRef = 423881F41F0EA81A002B2B0D /* ConversationsSource.swift */; };
		423882411F0EA81A002B2B0D /* ChannelSubscription.swift in Sources */ = {isa = PBXBuildFile; fileRef = 423881F61F0EA81A002B2B0D /* ChannelSubscription.swift */; };
		423882421F0EA81A002B2B0D /* KREClient.swift in Sources */ = {isa = PBXBuildFile; fileRef = 423881F71F0EA81A002B2B0D /* KREClient.swift */; };
		423882431F0EA81A002B2B0D /* ALKeyboardObservingView.swift in Sources */ = {isa = PBXBuildFile; fileRef = 423881FA1F0EA81A002B2B0D /* ALKeyboardObservingView.swift */; };
		423882441F0EA81A002B2B0D /* ALTextInputBar.swift in Sources */ = {isa = PBXBuildFile; fileRef = 423881FB1F0EA81A002B2B0D /* ALTextInputBar.swift */; };
		423882451F0EA81A002B2B0D /* ALTextInputBarDelegate.swift in Sources */ = {isa = PBXBuildFile; fileRef = 423881FC1F0EA81A002B2B0D /* ALTextInputBarDelegate.swift */; };
		423882461F0EA81A002B2B0D /* ALTextInputUtilities.swift in Sources */ = {isa = PBXBuildFile; fileRef = 423881FD1F0EA81A002B2B0D /* ALTextInputUtilities.swift */; };
		423882471F0EA81A002B2B0D /* ALTextView.swift in Sources */ = {isa = PBXBuildFile; fileRef = 423881FE1F0EA81A002B2B0D /* ALTextView.swift */; };
		423882481F0EA81A002B2B0D /* SendButtonDelegate.swift in Sources */ = {isa = PBXBuildFile; fileRef = 423881FF1F0EA81A002B2B0D /* SendButtonDelegate.swift */; };
		423882491F0EA81A002B2B0D /* Background.swift in Sources */ = {isa = PBXBuildFile; fileRef = 423882001F0EA81A002B2B0D /* Background.swift */; };
		4238824A1F0EA81A002B2B0D /* BotFeedbackQuestionNode.swift in Sources */ = {isa = PBXBuildFile; fileRef = 423882021F0EA81A002B2B0D /* BotFeedbackQuestionNode.swift */; };
		4238824B1F0EA81A002B2B0D /* BotQuestionModel.swift in Sources */ = {isa = PBXBuildFile; fileRef = 423882031F0EA81A002B2B0D /* BotQuestionModel.swift */; };
		4238824C1F0EA81A002B2B0D /* BotQuestionQueue.swift in Sources */ = {isa = PBXBuildFile; fileRef = 423882041F0EA81A002B2B0D /* BotQuestionQueue.swift */; };
		4238824D1F0EA81A002B2B0D /* BotTextQuestionNode.swift in Sources */ = {isa = PBXBuildFile; fileRef = 423882051F0EA81A002B2B0D /* BotTextQuestionNode.swift */; };
		4238824E1F0EA81A002B2B0D /* BotQuestions.strings in Resources */ = {isa = PBXBuildFile; fileRef = 423882061F0EA81A002B2B0D /* BotQuestions.strings */; };
		4238824F1F0EA81A002B2B0D /* Queue.swift in Sources */ = {isa = PBXBuildFile; fileRef = 423882081F0EA81A002B2B0D /* Queue.swift */; };
		423882501F0EA81A002B2B0D /* BundleResources.swift in Sources */ = {isa = PBXBuildFile; fileRef = 423882091F0EA81A002B2B0D /* BundleResources.swift */; };
		423882511F0EA81A002B2B0D /* CardPresentationManager.swift in Sources */ = {isa = PBXBuildFile; fileRef = 4238820A1F0EA81A002B2B0D /* CardPresentationManager.swift */; };
		423882521F0EA81A002B2B0D /* Configuration.swift in Sources */ = {isa = PBXBuildFile; fileRef = 4238820B1F0EA81A002B2B0D /* Configuration.swift */; };
		423882531F0EA81A002B2B0D /* ConversationCellNode.swift in Sources */ = {isa = PBXBuildFile; fileRef = 4238820D1F0EA81A002B2B0D /* ConversationCellNode.swift */; };
		423882541F0EA81A002B2B0D /* ConversationsDataSource.swift in Sources */ = {isa = PBXBuildFile; fileRef = 4238820E1F0EA81A002B2B0D /* ConversationsDataSource.swift */; };
		423882551F0EA81A002B2B0D /* ConversationsViewController.swift in Sources */ = {isa = PBXBuildFile; fileRef = 4238820F1F0EA81A002B2B0D /* ConversationsViewController.swift */; };
		423882561F0EA81A002B2B0D /* NewConversationButton.swift in Sources */ = {isa = PBXBuildFile; fileRef = 423882101F0EA81A002B2B0D /* NewConversationButton.swift */; };
		423882571F0EA81A002B2B0D /* CustomerSuccessController.swift in Sources */ = {isa = PBXBuildFile; fileRef = 423882111F0EA81A002B2B0D /* CustomerSuccessController.swift */; };
		423882581F0EA81A002B2B0D /* MessagesDataSource+AttachmentTap.swift in Sources */ = {isa = PBXBuildFile; fileRef = 423882131F0EA81A002B2B0D /* MessagesDataSource+AttachmentTap.swift */; };
		423882591F0EA81A002B2B0D /* String+Emoji.swift in Sources */ = {isa = PBXBuildFile; fileRef = 423882141F0EA81A002B2B0D /* String+Emoji.swift */; };
		4238825A1F0EA81A002B2B0D /* UIImage+Color.swift in Sources */ = {isa = PBXBuildFile; fileRef = 423882151F0EA81A002B2B0D /* UIImage+Color.swift */; };
		4238825B1F0EA81A002B2B0D /* UIView+Background.swift in Sources */ = {isa = PBXBuildFile; fileRef = 423882161F0EA81A002B2B0D /* UIView+Background.swift */; };
		4238825C1F0EA81A002B2B0D /* AgentsOnline.swift in Sources */ = {isa = PBXBuildFile; fileRef = 423882181F0EA81A002B2B0D /* AgentsOnline.swift */; };
		4238825D1F0EA81A002B2B0D /* HomeScreenDataSource.swift in Sources */ = {isa = PBXBuildFile; fileRef = 423882191F0EA81A002B2B0D /* HomeScreenDataSource.swift */; };
		4238825E1F0EA81A002B2B0D /* HomeScreenViewController.swift in Sources */ = {isa = PBXBuildFile; fileRef = 4238821A1F0EA81A002B2B0D /* HomeScreenViewController.swift */; };
		4238825F1F0EA81A002B2B0D /* ImageCacheHandler.swift in Sources */ = {isa = PBXBuildFile; fileRef = 4238821B1F0EA81A002B2B0D /* ImageCacheHandler.swift */; };
		423882601F0EA81A002B2B0D /* RecentConversationsNode.swift in Sources */ = {isa = PBXBuildFile; fileRef = 4238821C1F0EA81A002B2B0D /* RecentConversationsNode.swift */; };
		423882611F0EA81A002B2B0D /* WelcomeHeader.swift in Sources */ = {isa = PBXBuildFile; fileRef = 4238821D1F0EA81A002B2B0D /* WelcomeHeader.swift */; };
		423882621F0EA81A002B2B0D /* KayakoStyle.swift in Sources */ = {isa = PBXBuildFile; fileRef = 4238821E1F0EA81A002B2B0D /* KayakoStyle.swift */; };
		423882631F0EA81A002B2B0D /* LoadingIndicator.swift in Sources */ = {isa = PBXBuildFile; fileRef = 4238821F1F0EA81A002B2B0D /* LoadingIndicator.swift */; };
		423882651F0EA81A002B2B0D /* TimeAgoInWords.swift in Sources */ = {isa = PBXBuildFile; fileRef = 423882231F0EA81A002B2B0D /* TimeAgoInWords.swift */; };
		423882661F0EA81A002B2B0D /* AgentsHeaderView.swift in Sources */ = {isa = PBXBuildFile; fileRef = 423882251F0EA81A002B2B0D /* AgentsHeaderView.swift */; };
		423882671F0EA81A002B2B0D /* ALKeyboardHandler.swift in Sources */ = {isa = PBXBuildFile; fileRef = 423882261F0EA81A002B2B0D /* ALKeyboardHandler.swift */; };
		423882681F0EA81A002B2B0D /* AttachmentCellNode.swift in Sources */ = {isa = PBXBuildFile; fileRef = 423882271F0EA81A002B2B0D /* AttachmentCellNode.swift */; };
		423882691F0EA81A002B2B0D /* CondensedAgentsView.swift in Sources */ = {isa = PBXBuildFile; fileRef = 423882281F0EA81A002B2B0D /* CondensedAgentsView.swift */; };
		4238826A1F0EA81A002B2B0D /* DateSeparatorNode.swift in Sources */ = {isa = PBXBuildFile; fileRef = 423882291F0EA81A002B2B0D /* DateSeparatorNode.swift */; };
		4238826B1F0EA81A002B2B0D /* FeedbackEventsHandler.swift in Sources */ = {isa = PBXBuildFile; fileRef = 4238822A1F0EA81A002B2B0D /* FeedbackEventsHandler.swift */; };
		4238826C1F0EA81A002B2B0D /* MessageCellNode.swift in Sources */ = {isa = PBXBuildFile; fileRef = 4238822B1F0EA81A002B2B0D /* MessageCellNode.swift */; };
		4238826D1F0EA81A002B2B0D /* MessageContainerCellNode.swift in Sources */ = {isa = PBXBuildFile; fileRef = 4238822C1F0EA81A002B2B0D /* MessageContainerCellNode.swift */; };
		4238826E1F0EA81A002B2B0D /* MessagesDataContainer.swift in Sources */ = {isa = PBXBuildFile; fileRef = 4238822D1F0EA81A002B2B0D /* MessagesDataContainer.swift */; };
		4238826F1F0EA81A002B2B0D /* MessagesDataSource.swift in Sources */ = {isa = PBXBuildFile; fileRef = 4238822E1F0EA81A002B2B0D /* MessagesDataSource.swift */; };
		423882701F0EA81A002B2B0D /* MessageSendingOperations.swift in Sources */ = {isa = PBXBuildFile; fileRef = 4238822F1F0EA81A002B2B0D /* MessageSendingOperations.swift */; };
		423882711F0EA81A002B2B0D /* MessageStatusNode.swift in Sources */ = {isa = PBXBuildFile; fileRef = 423882301F0EA81A002B2B0D /* MessageStatusNode.swift */; };
		423882721F0EA81A002B2B0D /* MessagesViewController.swift in Sources */ = {isa = PBXBuildFile; fileRef = 423882311F0EA81A002B2B0D /* MessagesViewController.swift */; };
		423882731F0EA81A002B2B0D /* MessageViewModel.swift in Sources */ = {isa = PBXBuildFile; fileRef = 423882321F0EA81A002B2B0D /* MessageViewModel.swift */; };
		423882741F0EA81A002B2B0D /* ScrollController.swift in Sources */ = {isa = PBXBuildFile; fileRef = 423882331F0EA81A002B2B0D /* ScrollController.swift */; };
		423882751F0EA81A002B2B0D /* TeamHeaderView.swift in Sources */ = {isa = PBXBuildFile; fileRef = 423882341F0EA81A002B2B0D /* TeamHeaderView.swift */; };
		423882761F0EA81A002B2B0D /* TypingDelegate.swift in Sources */ = {isa = PBXBuildFile; fileRef = 423882351F0EA81A002B2B0D /* TypingDelegate.swift */; };
		423882771F0EA81A002B2B0D /* TypingIndicator.swift in Sources */ = {isa = PBXBuildFile; fileRef = 423882361F0EA81A002B2B0D /* TypingIndicator.swift */; };
		423882781F0EA81A002B2B0D /* TypingIndicatorMessageCell.swift in Sources */ = {isa = PBXBuildFile; fileRef = 423882371F0EA81A002B2B0D /* TypingIndicatorMessageCell.swift */; };
		423882791F0EA81A002B2B0D /* InputSubmissionHandler.swift in Sources */ = {isa = PBXBuildFile; fileRef = 423882391F0EA81A002B2B0D /* InputSubmissionHandler.swift */; };
		4238827A1F0EA81A002B2B0D /* TextBarUpdateDelegate.swift in Sources */ = {isa = PBXBuildFile; fileRef = 4238823A1F0EA81A002B2B0D /* TextBarUpdateDelegate.swift */; };
		4238827B1F0EA81A002B2B0D /* UIView+Snapshot.swift in Sources */ = {isa = PBXBuildFile; fileRef = 4238823B1F0EA81A002B2B0D /* UIView+Snapshot.swift */; };
		4238827C1F0EA81A002B2B0D /* TestingViewController.swift in Sources */ = {isa = PBXBuildFile; fileRef = 4238823C1F0EA81A002B2B0D /* TestingViewController.swift */; };
		423882941F0EACC8002B2B0D /* AppDelegate.swift in Sources */ = {isa = PBXBuildFile; fileRef = 423882931F0EACC8002B2B0D /* AppDelegate.swift */; };
		423882961F0EACC8002B2B0D /* ViewController.swift in Sources */ = {isa = PBXBuildFile; fileRef = 423882951F0EACC8002B2B0D /* ViewController.swift */; };
		423882991F0EACC8002B2B0D /* Main.storyboard in Resources */ = {isa = PBXBuildFile; fileRef = 423882971F0EACC8002B2B0D /* Main.storyboard */; };
		4238829B1F0EACC8002B2B0D /* Assets.xcassets in Resources */ = {isa = PBXBuildFile; fileRef = 4238829A1F0EACC8002B2B0D /* Assets.xcassets */; };
		4238829E1F0EACC8002B2B0D /* LaunchScreen.storyboard in Resources */ = {isa = PBXBuildFile; fileRef = 4238829C1F0EACC8002B2B0D /* LaunchScreen.storyboard */; };
		423882A91F0EACC9002B2B0D /* MessengerExampleUITests.swift in Sources */ = {isa = PBXBuildFile; fileRef = 423882A81F0EACC9002B2B0D /* MessengerExampleUITests.swift */; };
		423882B11F0EAE8C002B2B0D /* Wrap.framework in Frameworks */ = {isa = PBXBuildFile; fileRef = 423881E81F0EA65C002B2B0D /* Wrap.framework */; };
		423882B21F0EAE8C002B2B0D /* Unbox.framework in Frameworks */ = {isa = PBXBuildFile; fileRef = 423881E71F0EA65C002B2B0D /* Unbox.framework */; };
		423882B31F0EAE8C002B2B0D /* AsyncDisplayKit.framework in Frameworks */ = {isa = PBXBuildFile; fileRef = 4238827D1F0EAAE5002B2B0D /* AsyncDisplayKit.framework */; };
		423882B41F0EAE8C002B2B0D /* StatefulViewController.framework in Frameworks */ = {isa = PBXBuildFile; fileRef = 423882841F0EAAE5002B2B0D /* StatefulViewController.framework */; };
		423882B51F0EAE8C002B2B0D /* Birdsong.framework in Frameworks */ = {isa = PBXBuildFile; fileRef = 4238827E1F0EAAE5002B2B0D /* Birdsong.framework */; };
		423882B61F0EAE8C002B2B0D /* Starscream.framework in Frameworks */ = {isa = PBXBuildFile; fileRef = 423882831F0EAAE5002B2B0D /* Starscream.framework */; };
		423882B71F0EAE8C002B2B0D /* PINOperation.framework in Frameworks */ = {isa = PBXBuildFile; fileRef = 423882811F0EAAE5002B2B0D /* PINOperation.framework */; };
		423882B81F0EAE8C002B2B0D /* NVActivityIndicatorView.framework in Frameworks */ = {isa = PBXBuildFile; fileRef = 4238827F1F0EAAE5002B2B0D /* NVActivityIndicatorView.framework */; };
		423882B91F0EAE8C002B2B0D /* PINRemoteImage.framework in Frameworks */ = {isa = PBXBuildFile; fileRef = 423882821F0EAAE5002B2B0D /* PINRemoteImage.framework */; };
		423882BA1F0EAE8C002B2B0D /* PINCache.framework in Frameworks */ = {isa = PBXBuildFile; fileRef = 423882801F0EAAE5002B2B0D /* PINCache.framework */; };
		423882BB1F0EAEB3002B2B0D /* Wrap.framework in Frameworks */ = {isa = PBXBuildFile; fileRef = 423881E81F0EA65C002B2B0D /* Wrap.framework */; };
		423882BC1F0EAEB3002B2B0D /* Unbox.framework in Frameworks */ = {isa = PBXBuildFile; fileRef = 423881E71F0EA65C002B2B0D /* Unbox.framework */; };
		423882BD1F0EAEB3002B2B0D /* AsyncDisplayKit.framework in Frameworks */ = {isa = PBXBuildFile; fileRef = 4238827D1F0EAAE5002B2B0D /* AsyncDisplayKit.framework */; };
		423882BE1F0EAEB3002B2B0D /* StatefulViewController.framework in Frameworks */ = {isa = PBXBuildFile; fileRef = 423882841F0EAAE5002B2B0D /* StatefulViewController.framework */; };
		423882BF1F0EAEB3002B2B0D /* Birdsong.framework in Frameworks */ = {isa = PBXBuildFile; fileRef = 4238827E1F0EAAE5002B2B0D /* Birdsong.framework */; };
		423882C01F0EAEB3002B2B0D /* Starscream.framework in Frameworks */ = {isa = PBXBuildFile; fileRef = 423882831F0EAAE5002B2B0D /* Starscream.framework */; };
		423882C11F0EAEB3002B2B0D /* PINOperation.framework in Frameworks */ = {isa = PBXBuildFile; fileRef = 423882811F0EAAE5002B2B0D /* PINOperation.framework */; };
		423882C21F0EAEB3002B2B0D /* NVActivityIndicatorView.framework in Frameworks */ = {isa = PBXBuildFile; fileRef = 4238827F1F0EAAE5002B2B0D /* NVActivityIndicatorView.framework */; };
		423882C31F0EAEB3002B2B0D /* PINRemoteImage.framework in Frameworks */ = {isa = PBXBuildFile; fileRef = 423882821F0EAAE5002B2B0D /* PINRemoteImage.framework */; };
		423882C41F0EAEB3002B2B0D /* PINCache.framework in Frameworks */ = {isa = PBXBuildFile; fileRef = 423882801F0EAAE5002B2B0D /* PINCache.framework */; };
		4241531D1F14E99A0005FF2A /* Assets.xcassets in Resources */ = {isa = PBXBuildFile; fileRef = 4241531A1F14E99A0005FF2A /* Assets.xcassets */; };
		4241531E1F14E99A0005FF2A /* TimeAgoInWords.strings in Resources */ = {isa = PBXBuildFile; fileRef = 4241531B1F14E99A0005FF2A /* TimeAgoInWords.strings */; };
		42F85F4C1F79FDED00938C0C /* KayakoMessenger.framework in Frameworks */ = {isa = PBXBuildFile; fileRef = 52D6D97C1BEFF229002C0205 /* KayakoMessenger.framework */; };
		42F85F4D1F79FDED00938C0C /* KayakoMessenger.framework in Embed Frameworks */ = {isa = PBXBuildFile; fileRef = 52D6D97C1BEFF229002C0205 /* KayakoMessenger.framework */; settings = {ATTRIBUTES = (CodeSignOnCopy, RemoveHeadersOnCopy, ); }; };
		52D6D9871BEFF229002C0205 /* KayakoMessenger.framework in Frameworks */ = {isa = PBXBuildFile; fileRef = 52D6D97C1BEFF229002C0205 /* KayakoMessenger.framework */; };
		8933C7851EB5B820000D00A4 /* KayakoMessenger.swift in Sources */ = {isa = PBXBuildFile; fileRef = 8933C7841EB5B820000D00A4 /* KayakoMessenger.swift */; };
		8933C7901EB5B82D000D00A4 /* KayakoMessengerTests.swift in Sources */ = {isa = PBXBuildFile; fileRef = 8933C7891EB5B82A000D00A4 /* KayakoMessengerTests.swift */; };
/* End PBXBuildFile section */

/* Begin PBXContainerItemProxy section */
		423882A51F0EACC9002B2B0D /* PBXContainerItemProxy */ = {
			isa = PBXContainerItemProxy;
			containerPortal = 52D6D9731BEFF229002C0205 /* Project object */;
			proxyType = 1;
			remoteGlobalIDString = 423882901F0EACC8002B2B0D;
			remoteInfo = MessengerExample;
		};
		42F85F4E1F79FDED00938C0C /* PBXContainerItemProxy */ = {
			isa = PBXContainerItemProxy;
			containerPortal = 52D6D9731BEFF229002C0205 /* Project object */;
			proxyType = 1;
			remoteGlobalIDString = 52D6D97B1BEFF229002C0205;
			remoteInfo = "KayakoMessenger-iOS";
		};
		52D6D9881BEFF229002C0205 /* PBXContainerItemProxy */ = {
			isa = PBXContainerItemProxy;
			containerPortal = 52D6D9731BEFF229002C0205 /* Project object */;
			proxyType = 1;
			remoteGlobalIDString = 52D6D97B1BEFF229002C0205;
			remoteInfo = KayakoMessenger;
		};
/* End PBXContainerItemProxy section */

/* Begin PBXCopyFilesBuildPhase section */
		42F85F501F79FDED00938C0C /* Embed Frameworks */ = {
			isa = PBXCopyFilesBuildPhase;
			buildActionMask = 2147483647;
			dstPath = "";
			dstSubfolderSpec = 10;
			files = (
				42F85F4D1F79FDED00938C0C /* KayakoMessenger.framework in Embed Frameworks */,
			);
			name = "Embed Frameworks";
			runOnlyForDeploymentPostprocessing = 0;
		};
/* End PBXCopyFilesBuildPhase section */

/* Begin PBXFileReference section */
		4238818A1F0EA39D002B2B0D /* Authorization.swift */ = {isa = PBXFileReference; fileEncoding = 4; lastKnownFileType = sourcecode.swift; path = Authorization.swift; sourceTree = "<group>"; };
		4238818B1F0EA39D002B2B0D /* Client.swift */ = {isa = PBXFileReference; fileEncoding = 4; lastKnownFileType = sourcecode.swift; path = Client.swift; sourceTree = "<group>"; };
		4238818D1F0EA39D002B2B0D /* AttachmentCreationModel.swift */ = {isa = PBXFileReference; fileEncoding = 4; lastKnownFileType = sourcecode.swift; path = AttachmentCreationModel.swift; sourceTree = "<group>"; };
		4238818E1F0EA39D002B2B0D /* ConversationCreationModel.swift */ = {isa = PBXFileReference; fileEncoding = 4; lastKnownFileType = sourcecode.swift; path = ConversationCreationModel.swift; sourceTree = "<group>"; };
		4238818F1F0EA39D002B2B0D /* Creation.swift */ = {isa = PBXFileReference; fileEncoding = 4; lastKnownFileType = sourcecode.swift; path = Creation.swift; sourceTree = "<group>"; };
		423881901F0EA39D002B2B0D /* MessageCreationModel.swift */ = {isa = PBXFileReference; fileEncoding = 4; lastKnownFileType = sourcecode.swift; path = MessageCreationModel.swift; sourceTree = "<group>"; };
		423881911F0EA39D002B2B0D /* RatingCreationModel.swift */ = {isa = PBXFileReference; fileEncoding = 4; lastKnownFileType = sourcecode.swift; path = RatingCreationModel.swift; sourceTree = "<group>"; };
		423881931F0EA39D002B2B0D /* Any+Data.swift */ = {isa = PBXFileReference; fileEncoding = 4; lastKnownFileType = sourcecode.swift; path = "Any+Data.swift"; sourceTree = "<group>"; };
		423881941F0EA39D002B2B0D /* Array+FirstSecondThird.swift */ = {isa = PBXFileReference; fileEncoding = 4; lastKnownFileType = sourcecode.swift; path = "Array+FirstSecondThird.swift"; sourceTree = "<group>"; };
		423881951F0EA39D002B2B0D /* Array+RandomElement.swift */ = {isa = PBXFileReference; fileEncoding = 4; lastKnownFileType = sourcecode.swift; path = "Array+RandomElement.swift"; sourceTree = "<group>"; };
		423881961F0EA39D002B2B0D /* CharacterSet+URLQueryParams.swift */ = {isa = PBXFileReference; fileEncoding = 4; lastKnownFileType = sourcecode.swift; path = "CharacterSet+URLQueryParams.swift"; sourceTree = "<group>"; };
		423881971F0EA39D002B2B0D /* Dictionary+formURLEncoded.swift */ = {isa = PBXFileReference; fileEncoding = 4; lastKnownFileType = sourcecode.swift; path = "Dictionary+formURLEncoded.swift"; sourceTree = "<group>"; };
		423881981F0EA39D002B2B0D /* NSURLSession.swift */ = {isa = PBXFileReference; fileEncoding = 4; lastKnownFileType = sourcecode.swift; path = NSURLSession.swift; sourceTree = "<group>"; };
		423881991F0EA39D002B2B0D /* String+EmailValidation.swift */ = {isa = PBXFileReference; fileEncoding = 4; lastKnownFileType = sourcecode.swift; path = "String+EmailValidation.swift"; sourceTree = "<group>"; };
		4238819A1F0EA39D002B2B0D /* Unbox+ISO8601.swift */ = {isa = PBXFileReference; fileEncoding = 4; lastKnownFileType = sourcecode.swift; path = "Unbox+ISO8601.swift"; sourceTree = "<group>"; };
		4238819B1F0EA39D002B2B0D /* Unbox+MessageStatus.swift */ = {isa = PBXFileReference; fileEncoding = 4; lastKnownFileType = sourcecode.swift; path = "Unbox+MessageStatus.swift"; sourceTree = "<group>"; };
		4238819C1F0EA39D002B2B0D /* URL+Unboxable.swift */ = {isa = PBXFileReference; fileEncoding = 4; lastKnownFileType = sourcecode.swift; path = "URL+Unboxable.swift"; sourceTree = "<group>"; };
		4238819D1F0EA39D002B2B0D /* URLRequest+cURL.swift */ = {isa = PBXFileReference; fileEncoding = 4; lastKnownFileType = sourcecode.swift; path = "URLRequest+cURL.swift"; sourceTree = "<group>"; };
		4238819E1F0EA39D002B2B0D /* URLSession+Validation.swift */ = {isa = PBXFileReference; fileEncoding = 4; lastKnownFileType = sourcecode.swift; path = "URLSession+Validation.swift"; sourceTree = "<group>"; };
		4238819F1F0EA39D002B2B0D /* KayakoAPI.swift */ = {isa = PBXFileReference; fileEncoding = 4; lastKnownFileType = sourcecode.swift; path = KayakoAPI.swift; sourceTree = "<group>"; };
		423881A01F0EA39D002B2B0D /* KayakoNotifications.swift */ = {isa = PBXFileReference; fileEncoding = 4; lastKnownFileType = sourcecode.swift; path = KayakoNotifications.swift; sourceTree = "<group>"; };
		423881A21F0EA39D002B2B0D /* Attachment.swift */ = {isa = PBXFileReference; fileEncoding = 4; lastKnownFileType = sourcecode.swift; path = Attachment.swift; sourceTree = "<group>"; };
		423881A31F0EA39D002B2B0D /* AttachmentMIMEType.swift */ = {isa = PBXFileReference; fileEncoding = 4; lastKnownFileType = sourcecode.swift; path = AttachmentMIMEType.swift; sourceTree = "<group>"; };
		423881A41F0EA39D002B2B0D /* BotFeedback.swift */ = {isa = PBXFileReference; fileEncoding = 4; lastKnownFileType = sourcecode.swift; path = BotFeedback.swift; sourceTree = "<group>"; };
		423881A51F0EA39D002B2B0D /* Conversation.swift */ = {isa = PBXFileReference; fileEncoding = 4; lastKnownFileType = sourcecode.swift; path = Conversation.swift; sourceTree = "<group>"; };
		423881A61F0EA39D002B2B0D /* Message.swift */ = {isa = PBXFileReference; fileEncoding = 4; lastKnownFileType = sourcecode.swift; path = Message.swift; sourceTree = "<group>"; };
		423881A71F0EA39D002B2B0D /* MessageStatus.swift */ = {isa = PBXFileReference; fileEncoding = 4; lastKnownFileType = sourcecode.swift; path = MessageStatus.swift; sourceTree = "<group>"; };
		423881A81F0EA39D002B2B0D /* Rating.swift */ = {isa = PBXFileReference; fileEncoding = 4; lastKnownFileType = sourcecode.swift; path = Rating.swift; sourceTree = "<group>"; };
		423881A91F0EA39D002B2B0D /* SourceChannel.swift */ = {isa = PBXFileReference; fileEncoding = 4; lastKnownFileType = sourcecode.swift; path = SourceChannel.swift; sourceTree = "<group>"; };
		423881AA1F0EA39D002B2B0D /* StarterData.swift */ = {isa = PBXFileReference; fileEncoding = 4; lastKnownFileType = sourcecode.swift; path = StarterData.swift; sourceTree = "<group>"; };
		423881AB1F0EA39D002B2B0D /* UserMinimal.swift */ = {isa = PBXFileReference; fileEncoding = 4; lastKnownFileType = sourcecode.swift; path = UserMinimal.swift; sourceTree = "<group>"; };
		423881AD1F0EA39D002B2B0D /* ParameterType.swift */ = {isa = PBXFileReference; fileEncoding = 4; lastKnownFileType = sourcecode.swift; path = ParameterType.swift; sourceTree = "<group>"; };
		423881AE1F0EA39D002B2B0D /* RequestMethod.swift */ = {isa = PBXFileReference; fileEncoding = 4; lastKnownFileType = sourcecode.swift; path = RequestMethod.swift; sourceTree = "<group>"; };
		423881AF1F0EA39D002B2B0D /* ResponseType.swift */ = {isa = PBXFileReference; fileEncoding = 4; lastKnownFileType = sourcecode.swift; path = ResponseType.swift; sourceTree = "<group>"; };
		423881B01F0EA39D002B2B0D /* Result.swift */ = {isa = PBXFileReference; fileEncoding = 4; lastKnownFileType = sourcecode.swift; path = Result.swift; sourceTree = "<group>"; };
		423881B11F0EA39D002B2B0D /* StatusCodeType.swift */ = {isa = PBXFileReference; fileEncoding = 4; lastKnownFileType = sourcecode.swift; path = StatusCodeType.swift; sourceTree = "<group>"; };
		423881B21F0EA39D002B2B0D /* NetworkResource.swift */ = {isa = PBXFileReference; fileEncoding = 4; lastKnownFileType = sourcecode.swift; path = NetworkResource.swift; sourceTree = "<group>"; };
		423881B31F0EA39D002B2B0D /* Parser.swift */ = {isa = PBXFileReference; fileEncoding = 4; lastKnownFileType = sourcecode.swift; path = Parser.swift; sourceTree = "<group>"; };
		423881B41F0EA39D002B2B0D /* Production.swift */ = {isa = PBXFileReference; fileEncoding = 4; lastKnownFileType = sourcecode.swift; path = Production.swift; sourceTree = "<group>"; };
		423881B61F0EA39D002B2B0D /* KayakoType.swift */ = {isa = PBXFileReference; fileEncoding = 4; lastKnownFileType = sourcecode.swift; path = KayakoType.swift; sourceTree = "<group>"; };
		423881B71F0EA39D002B2B0D /* Pathable.swift */ = {isa = PBXFileReference; fileEncoding = 4; lastKnownFileType = sourcecode.swift; path = Pathable.swift; sourceTree = "<group>"; };
		423881B81F0EA39D002B2B0D /* Resource.swift */ = {isa = PBXFileReference; fileEncoding = 4; lastKnownFileType = sourcecode.swift; path = Resource.swift; sourceTree = "<group>"; };
		423881B91F0EA39D002B2B0D /* ResourceName.swift */ = {isa = PBXFileReference; fileEncoding = 4; lastKnownFileType = sourcecode.swift; path = ResourceName.swift; sourceTree = "<group>"; };
		423881BA1F0EA39D002B2B0D /* Router.swift */ = {isa = PBXFileReference; fileEncoding = 4; lastKnownFileType = sourcecode.swift; path = Router.swift; sourceTree = "<group>"; };
		423881E71F0EA65C002B2B0D /* Unbox.framework */ = {isa = PBXFileReference; lastKnownFileType = wrapper.framework; name = Unbox.framework; path = Carthage/Build/iOS/Unbox.framework; sourceTree = "<group>"; };
		423881E81F0EA65C002B2B0D /* Wrap.framework */ = {isa = PBXFileReference; lastKnownFileType = wrapper.framework; name = Wrap.framework; path = Carthage/Build/iOS/Wrap.framework; sourceTree = "<group>"; };
		423881ED1F0EA7FC002B2B0D /* UIKit.framework */ = {isa = PBXFileReference; lastKnownFileType = wrapper.framework; name = UIKit.framework; path = System/Library/Frameworks/UIKit.framework; sourceTree = SDKROOT; };
		423881F11F0EA81A002B2B0D /* ArrayDiff.swift */ = {isa = PBXFileReference; fileEncoding = 4; lastKnownFileType = sourcecode.swift; path = ArrayDiff.swift; sourceTree = "<group>"; };
		423881F21F0EA81A002B2B0D /* FoundationExtensions.swift */ = {isa = PBXFileReference; fileEncoding = 4; lastKnownFileType = sourcecode.swift; path = FoundationExtensions.swift; sourceTree = "<group>"; };
		423881F31F0EA81A002B2B0D /* Section.swift */ = {isa = PBXFileReference; fileEncoding = 4; lastKnownFileType = sourcecode.swift; path = Section.swift; sourceTree = "<group>"; };
		423881F41F0EA81A002B2B0D /* ConversationsSource.swift */ = {isa = PBXFileReference; fileEncoding = 4; lastKnownFileType = sourcecode.swift; path = ConversationsSource.swift; sourceTree = "<group>"; };
		423881F61F0EA81A002B2B0D /* ChannelSubscription.swift */ = {isa = PBXFileReference; fileEncoding = 4; lastKnownFileType = sourcecode.swift; path = ChannelSubscription.swift; sourceTree = "<group>"; };
		423881F71F0EA81A002B2B0D /* KREClient.swift */ = {isa = PBXFileReference; fileEncoding = 4; lastKnownFileType = sourcecode.swift; path = KREClient.swift; sourceTree = "<group>"; };
		423881FA1F0EA81A002B2B0D /* ALKeyboardObservingView.swift */ = {isa = PBXFileReference; fileEncoding = 4; lastKnownFileType = sourcecode.swift; path = ALKeyboardObservingView.swift; sourceTree = "<group>"; };
		423881FB1F0EA81A002B2B0D /* ALTextInputBar.swift */ = {isa = PBXFileReference; fileEncoding = 4; lastKnownFileType = sourcecode.swift; path = ALTextInputBar.swift; sourceTree = "<group>"; };
		423881FC1F0EA81A002B2B0D /* ALTextInputBarDelegate.swift */ = {isa = PBXFileReference; fileEncoding = 4; lastKnownFileType = sourcecode.swift; path = ALTextInputBarDelegate.swift; sourceTree = "<group>"; };
		423881FD1F0EA81A002B2B0D /* ALTextInputUtilities.swift */ = {isa = PBXFileReference; fileEncoding = 4; lastKnownFileType = sourcecode.swift; path = ALTextInputUtilities.swift; sourceTree = "<group>"; };
		423881FE1F0EA81A002B2B0D /* ALTextView.swift */ = {isa = PBXFileReference; fileEncoding = 4; lastKnownFileType = sourcecode.swift; path = ALTextView.swift; sourceTree = "<group>"; };
		423881FF1F0EA81A002B2B0D /* SendButtonDelegate.swift */ = {isa = PBXFileReference; fileEncoding = 4; lastKnownFileType = sourcecode.swift; path = SendButtonDelegate.swift; sourceTree = "<group>"; };
		423882001F0EA81A002B2B0D /* Background.swift */ = {isa = PBXFileReference; fileEncoding = 4; lastKnownFileType = sourcecode.swift; path = Background.swift; sourceTree = "<group>"; };
		423882021F0EA81A002B2B0D /* BotFeedbackQuestionNode.swift */ = {isa = PBXFileReference; fileEncoding = 4; lastKnownFileType = sourcecode.swift; path = BotFeedbackQuestionNode.swift; sourceTree = "<group>"; };
		423882031F0EA81A002B2B0D /* BotQuestionModel.swift */ = {isa = PBXFileReference; fileEncoding = 4; lastKnownFileType = sourcecode.swift; path = BotQuestionModel.swift; sourceTree = "<group>"; };
		423882041F0EA81A002B2B0D /* BotQuestionQueue.swift */ = {isa = PBXFileReference; fileEncoding = 4; lastKnownFileType = sourcecode.swift; path = BotQuestionQueue.swift; sourceTree = "<group>"; };
		423882051F0EA81A002B2B0D /* BotTextQuestionNode.swift */ = {isa = PBXFileReference; fileEncoding = 4; lastKnownFileType = sourcecode.swift; path = BotTextQuestionNode.swift; sourceTree = "<group>"; };
		423882071F0EA81A002B2B0D /* en */ = {isa = PBXFileReference; lastKnownFileType = text.plist.strings; name = en; path = en.lproj/BotQuestions.strings; sourceTree = "<group>"; };
		423882081F0EA81A002B2B0D /* Queue.swift */ = {isa = PBXFileReference; fileEncoding = 4; lastKnownFileType = sourcecode.swift; path = Queue.swift; sourceTree = "<group>"; };
		423882091F0EA81A002B2B0D /* BundleResources.swift */ = {isa = PBXFileReference; fileEncoding = 4; lastKnownFileType = sourcecode.swift; path = BundleResources.swift; sourceTree = "<group>"; };
		4238820A1F0EA81A002B2B0D /* CardPresentationManager.swift */ = {isa = PBXFileReference; fileEncoding = 4; lastKnownFileType = sourcecode.swift; path = CardPresentationManager.swift; sourceTree = "<group>"; };
		4238820B1F0EA81A002B2B0D /* Configuration.swift */ = {isa = PBXFileReference; fileEncoding = 4; lastKnownFileType = sourcecode.swift; path = Configuration.swift; sourceTree = "<group>"; };
		4238820D1F0EA81A002B2B0D /* ConversationCellNode.swift */ = {isa = PBXFileReference; fileEncoding = 4; lastKnownFileType = sourcecode.swift; path = ConversationCellNode.swift; sourceTree = "<group>"; };
		4238820E1F0EA81A002B2B0D /* ConversationsDataSource.swift */ = {isa = PBXFileReference; fileEncoding = 4; lastKnownFileType = sourcecode.swift; path = ConversationsDataSource.swift; sourceTree = "<group>"; };
		4238820F1F0EA81A002B2B0D /* ConversationsViewController.swift */ = {isa = PBXFileReference; fileEncoding = 4; lastKnownFileType = sourcecode.swift; path = ConversationsViewController.swift; sourceTree = "<group>"; };
		423882101F0EA81A002B2B0D /* NewConversationButton.swift */ = {isa = PBXFileReference; fileEncoding = 4; lastKnownFileType = sourcecode.swift; path = NewConversationButton.swift; sourceTree = "<group>"; };
		423882111F0EA81A002B2B0D /* CustomerSuccessController.swift */ = {isa = PBXFileReference; fileEncoding = 4; lastKnownFileType = sourcecode.swift; path = CustomerSuccessController.swift; sourceTree = "<group>"; };
		423882131F0EA81A002B2B0D /* MessagesDataSource+AttachmentTap.swift */ = {isa = PBXFileReference; fileEncoding = 4; lastKnownFileType = sourcecode.swift; path = "MessagesDataSource+AttachmentTap.swift"; sourceTree = "<group>"; };
		423882141F0EA81A002B2B0D /* String+Emoji.swift */ = {isa = PBXFileReference; fileEncoding = 4; lastKnownFileType = sourcecode.swift; path = "String+Emoji.swift"; sourceTree = "<group>"; };
		423882151F0EA81A002B2B0D /* UIImage+Color.swift */ = {isa = PBXFileReference; fileEncoding = 4; lastKnownFileType = sourcecode.swift; path = "UIImage+Color.swift"; sourceTree = "<group>"; };
		423882161F0EA81A002B2B0D /* UIView+Background.swift */ = {isa = PBXFileReference; fileEncoding = 4; lastKnownFileType = sourcecode.swift; path = "UIView+Background.swift"; sourceTree = "<group>"; };
		423882181F0EA81A002B2B0D /* AgentsOnline.swift */ = {isa = PBXFileReference; fileEncoding = 4; lastKnownFileType = sourcecode.swift; path = AgentsOnline.swift; sourceTree = "<group>"; };
		423882191F0EA81A002B2B0D /* HomeScreenDataSource.swift */ = {isa = PBXFileReference; fileEncoding = 4; lastKnownFileType = sourcecode.swift; path = HomeScreenDataSource.swift; sourceTree = "<group>"; };
		4238821A1F0EA81A002B2B0D /* HomeScreenViewController.swift */ = {isa = PBXFileReference; fileEncoding = 4; lastKnownFileType = sourcecode.swift; path = HomeScreenViewController.swift; sourceTree = "<group>"; };
		4238821B1F0EA81A002B2B0D /* ImageCacheHandler.swift */ = {isa = PBXFileReference; fileEncoding = 4; lastKnownFileType = sourcecode.swift; path = ImageCacheHandler.swift; sourceTree = "<group>"; };
		4238821C1F0EA81A002B2B0D /* RecentConversationsNode.swift */ = {isa = PBXFileReference; fileEncoding = 4; lastKnownFileType = sourcecode.swift; path = RecentConversationsNode.swift; sourceTree = "<group>"; };
		4238821D1F0EA81A002B2B0D /* WelcomeHeader.swift */ = {isa = PBXFileReference; fileEncoding = 4; lastKnownFileType = sourcecode.swift; path = WelcomeHeader.swift; sourceTree = "<group>"; };
		4238821E1F0EA81A002B2B0D /* KayakoStyle.swift */ = {isa = PBXFileReference; fileEncoding = 4; lastKnownFileType = sourcecode.swift; path = KayakoStyle.swift; sourceTree = "<group>"; };
		4238821F1F0EA81A002B2B0D /* LoadingIndicator.swift */ = {isa = PBXFileReference; fileEncoding = 4; lastKnownFileType = sourcecode.swift; path = LoadingIndicator.swift; sourceTree = "<group>"; };
		423882231F0EA81A002B2B0D /* TimeAgoInWords.swift */ = {isa = PBXFileReference; fileEncoding = 4; lastKnownFileType = sourcecode.swift; path = TimeAgoInWords.swift; sourceTree = "<group>"; };
		423882251F0EA81A002B2B0D /* AgentsHeaderView.swift */ = {isa = PBXFileReference; fileEncoding = 4; lastKnownFileType = sourcecode.swift; path = AgentsHeaderView.swift; sourceTree = "<group>"; };
		423882261F0EA81A002B2B0D /* ALKeyboardHandler.swift */ = {isa = PBXFileReference; fileEncoding = 4; lastKnownFileType = sourcecode.swift; path = ALKeyboardHandler.swift; sourceTree = "<group>"; };
		423882271F0EA81A002B2B0D /* AttachmentCellNode.swift */ = {isa = PBXFileReference; fileEncoding = 4; lastKnownFileType = sourcecode.swift; path = AttachmentCellNode.swift; sourceTree = "<group>"; };
		423882281F0EA81A002B2B0D /* CondensedAgentsView.swift */ = {isa = PBXFileReference; fileEncoding = 4; lastKnownFileType = sourcecode.swift; path = CondensedAgentsView.swift; sourceTree = "<group>"; };
		423882291F0EA81A002B2B0D /* DateSeparatorNode.swift */ = {isa = PBXFileReference; fileEncoding = 4; lastKnownFileType = sourcecode.swift; path = DateSeparatorNode.swift; sourceTree = "<group>"; };
		4238822A1F0EA81A002B2B0D /* FeedbackEventsHandler.swift */ = {isa = PBXFileReference; fileEncoding = 4; lastKnownFileType = sourcecode.swift; path = FeedbackEventsHandler.swift; sourceTree = "<group>"; };
		4238822B1F0EA81A002B2B0D /* MessageCellNode.swift */ = {isa = PBXFileReference; fileEncoding = 4; lastKnownFileType = sourcecode.swift; path = MessageCellNode.swift; sourceTree = "<group>"; };
		4238822C1F0EA81A002B2B0D /* MessageContainerCellNode.swift */ = {isa = PBXFileReference; fileEncoding = 4; lastKnownFileType = sourcecode.swift; path = MessageContainerCellNode.swift; sourceTree = "<group>"; };
		4238822D1F0EA81A002B2B0D /* MessagesDataContainer.swift */ = {isa = PBXFileReference; fileEncoding = 4; lastKnownFileType = sourcecode.swift; path = MessagesDataContainer.swift; sourceTree = "<group>"; };
		4238822E1F0EA81A002B2B0D /* MessagesDataSource.swift */ = {isa = PBXFileReference; fileEncoding = 4; lastKnownFileType = sourcecode.swift; path = MessagesDataSource.swift; sourceTree = "<group>"; };
		4238822F1F0EA81A002B2B0D /* MessageSendingOperations.swift */ = {isa = PBXFileReference; fileEncoding = 4; lastKnownFileType = sourcecode.swift; path = MessageSendingOperations.swift; sourceTree = "<group>"; };
		423882301F0EA81A002B2B0D /* MessageStatusNode.swift */ = {isa = PBXFileReference; fileEncoding = 4; lastKnownFileType = sourcecode.swift; path = MessageStatusNode.swift; sourceTree = "<group>"; };
		423882311F0EA81A002B2B0D /* MessagesViewController.swift */ = {isa = PBXFileReference; fileEncoding = 4; lastKnownFileType = sourcecode.swift; path = MessagesViewController.swift; sourceTree = "<group>"; };
		423882321F0EA81A002B2B0D /* MessageViewModel.swift */ = {isa = PBXFileReference; fileEncoding = 4; lastKnownFileType = sourcecode.swift; path = MessageViewModel.swift; sourceTree = "<group>"; };
		423882331F0EA81A002B2B0D /* ScrollController.swift */ = {isa = PBXFileReference; fileEncoding = 4; lastKnownFileType = sourcecode.swift; path = ScrollController.swift; sourceTree = "<group>"; };
		423882341F0EA81A002B2B0D /* TeamHeaderView.swift */ = {isa = PBXFileReference; fileEncoding = 4; lastKnownFileType = sourcecode.swift; path = TeamHeaderView.swift; sourceTree = "<group>"; };
		423882351F0EA81A002B2B0D /* TypingDelegate.swift */ = {isa = PBXFileReference; fileEncoding = 4; lastKnownFileType = sourcecode.swift; path = TypingDelegate.swift; sourceTree = "<group>"; };
		423882361F0EA81A002B2B0D /* TypingIndicator.swift */ = {isa = PBXFileReference; fileEncoding = 4; lastKnownFileType = sourcecode.swift; path = TypingIndicator.swift; sourceTree = "<group>"; };
		423882371F0EA81A002B2B0D /* TypingIndicatorMessageCell.swift */ = {isa = PBXFileReference; fileEncoding = 4; lastKnownFileType = sourcecode.swift; path = TypingIndicatorMessageCell.swift; sourceTree = "<group>"; };
		423882391F0EA81A002B2B0D /* InputSubmissionHandler.swift */ = {isa = PBXFileReference; fileEncoding = 4; lastKnownFileType = sourcecode.swift; path = InputSubmissionHandler.swift; sourceTree = "<group>"; };
		4238823A1F0EA81A002B2B0D /* TextBarUpdateDelegate.swift */ = {isa = PBXFileReference; fileEncoding = 4; lastKnownFileType = sourcecode.swift; path = TextBarUpdateDelegate.swift; sourceTree = "<group>"; };
		4238823B1F0EA81A002B2B0D /* UIView+Snapshot.swift */ = {isa = PBXFileReference; fileEncoding = 4; lastKnownFileType = sourcecode.swift; path = "UIView+Snapshot.swift"; sourceTree = "<group>"; };
		4238823C1F0EA81A002B2B0D /* TestingViewController.swift */ = {isa = PBXFileReference; fileEncoding = 4; lastKnownFileType = sourcecode.swift; path = TestingViewController.swift; sourceTree = "<group>"; };
		4238827D1F0EAAE5002B2B0D /* AsyncDisplayKit.framework */ = {isa = PBXFileReference; lastKnownFileType = wrapper.framework; name = AsyncDisplayKit.framework; path = Carthage/Build/iOS/AsyncDisplayKit.framework; sourceTree = "<group>"; };
		4238827E1F0EAAE5002B2B0D /* Birdsong.framework */ = {isa = PBXFileReference; lastKnownFileType = wrapper.framework; name = Birdsong.framework; path = Carthage/Build/iOS/Birdsong.framework; sourceTree = "<group>"; };
		4238827F1F0EAAE5002B2B0D /* NVActivityIndicatorView.framework */ = {isa = PBXFileReference; lastKnownFileType = wrapper.framework; name = NVActivityIndicatorView.framework; path = Carthage/Build/iOS/NVActivityIndicatorView.framework; sourceTree = "<group>"; };
		423882801F0EAAE5002B2B0D /* PINCache.framework */ = {isa = PBXFileReference; lastKnownFileType = wrapper.framework; name = PINCache.framework; path = Carthage/Build/iOS/PINCache.framework; sourceTree = "<group>"; };
		423882811F0EAAE5002B2B0D /* PINOperation.framework */ = {isa = PBXFileReference; lastKnownFileType = wrapper.framework; name = PINOperation.framework; path = Carthage/Build/iOS/PINOperation.framework; sourceTree = "<group>"; };
		423882821F0EAAE5002B2B0D /* PINRemoteImage.framework */ = {isa = PBXFileReference; lastKnownFileType = wrapper.framework; name = PINRemoteImage.framework; path = Carthage/Build/iOS/PINRemoteImage.framework; sourceTree = "<group>"; };
		423882831F0EAAE5002B2B0D /* Starscream.framework */ = {isa = PBXFileReference; lastKnownFileType = wrapper.framework; name = Starscream.framework; path = Carthage/Build/iOS/Starscream.framework; sourceTree = "<group>"; };
		423882841F0EAAE5002B2B0D /* StatefulViewController.framework */ = {isa = PBXFileReference; lastKnownFileType = wrapper.framework; name = StatefulViewController.framework; path = Carthage/Build/iOS/StatefulViewController.framework; sourceTree = "<group>"; };
		423882911F0EACC8002B2B0D /* MessengerExample.app */ = {isa = PBXFileReference; explicitFileType = wrapper.application; includeInIndex = 0; path = MessengerExample.app; sourceTree = BUILT_PRODUCTS_DIR; };
		423882931F0EACC8002B2B0D /* AppDelegate.swift */ = {isa = PBXFileReference; lastKnownFileType = sourcecode.swift; path = AppDelegate.swift; sourceTree = "<group>"; };
		423882951F0EACC8002B2B0D /* ViewController.swift */ = {isa = PBXFileReference; lastKnownFileType = sourcecode.swift; path = ViewController.swift; sourceTree = "<group>"; };
		423882981F0EACC8002B2B0D /* Base */ = {isa = PBXFileReference; lastKnownFileType = file.storyboard; name = Base; path = Base.lproj/Main.storyboard; sourceTree = "<group>"; };
		4238829A1F0EACC8002B2B0D /* Assets.xcassets */ = {isa = PBXFileReference; lastKnownFileType = folder.assetcatalog; path = Assets.xcassets; sourceTree = "<group>"; };
		4238829D1F0EACC8002B2B0D /* Base */ = {isa = PBXFileReference; lastKnownFileType = file.storyboard; name = Base; path = Base.lproj/LaunchScreen.storyboard; sourceTree = "<group>"; };
		4238829F1F0EACC8002B2B0D /* Info.plist */ = {isa = PBXFileReference; lastKnownFileType = text.plist.xml; path = Info.plist; sourceTree = "<group>"; };
		423882A41F0EACC9002B2B0D /* MessengerExampleUITests.xctest */ = {isa = PBXFileReference; explicitFileType = wrapper.cfbundle; includeInIndex = 0; path = MessengerExampleUITests.xctest; sourceTree = BUILT_PRODUCTS_DIR; };
		423882A81F0EACC9002B2B0D /* MessengerExampleUITests.swift */ = {isa = PBXFileReference; lastKnownFileType = sourcecode.swift; path = MessengerExampleUITests.swift; sourceTree = "<group>"; };
		423882AA1F0EACC9002B2B0D /* Info.plist */ = {isa = PBXFileReference; lastKnownFileType = text.plist.xml; path = Info.plist; sourceTree = "<group>"; };
		4241531A1F14E99A0005FF2A /* Assets.xcassets */ = {isa = PBXFileReference; lastKnownFileType = folder.assetcatalog; path = Assets.xcassets; sourceTree = "<group>"; };
		4241531C1F14E99A0005FF2A /* en */ = {isa = PBXFileReference; lastKnownFileType = text.plist.strings; name = en; path = en.lproj/TimeAgoInWords.strings; sourceTree = "<group>"; };
		52D6D97C1BEFF229002C0205 /* KayakoMessenger.framework */ = {isa = PBXFileReference; explicitFileType = wrapper.framework; includeInIndex = 0; path = KayakoMessenger.framework; sourceTree = BUILT_PRODUCTS_DIR; };
		52D6D9861BEFF229002C0205 /* KayakoMessenger-iOS Tests.xctest */ = {isa = PBXFileReference; explicitFileType = wrapper.cfbundle; includeInIndex = 0; path = "KayakoMessenger-iOS Tests.xctest"; sourceTree = BUILT_PRODUCTS_DIR; };
		8933C7841EB5B820000D00A4 /* KayakoMessenger.swift */ = {isa = PBXFileReference; fileEncoding = 4; lastKnownFileType = sourcecode.swift; path = KayakoMessenger.swift; sourceTree = "<group>"; };
		8933C7891EB5B82A000D00A4 /* KayakoMessengerTests.swift */ = {isa = PBXFileReference; fileEncoding = 4; lastKnownFileType = sourcecode.swift; path = KayakoMessengerTests.swift; sourceTree = "<group>"; };
		AD2FAA261CD0B6D800659CF4 /* KayakoMessenger.plist */ = {isa = PBXFileReference; fileEncoding = 4; lastKnownFileType = text.plist.xml; path = KayakoMessenger.plist; sourceTree = "<group>"; };
		AD2FAA281CD0B6E100659CF4 /* KayakoMessengerTests.plist */ = {isa = PBXFileReference; fileEncoding = 4; lastKnownFileType = text.plist.xml; path = KayakoMessengerTests.plist; sourceTree = "<group>"; };
/* End PBXFileReference section */

/* Begin PBXFrameworksBuildPhase section */
		4238828E1F0EACC8002B2B0D /* Frameworks */ = {
			isa = PBXFrameworksBuildPhase;
			buildActionMask = 2147483647;
			files = (
				423882BB1F0EAEB3002B2B0D /* Wrap.framework in Frameworks */,
				423882BC1F0EAEB3002B2B0D /* Unbox.framework in Frameworks */,
				423882BD1F0EAEB3002B2B0D /* AsyncDisplayKit.framework in Frameworks */,
				423882BE1F0EAEB3002B2B0D /* StatefulViewController.framework in Frameworks */,
				423882BF1F0EAEB3002B2B0D /* Birdsong.framework in Frameworks */,
				42F85F4C1F79FDED00938C0C /* KayakoMessenger.framework in Frameworks */,
				423882C01F0EAEB3002B2B0D /* Starscream.framework in Frameworks */,
				423882C11F0EAEB3002B2B0D /* PINOperation.framework in Frameworks */,
				423882C21F0EAEB3002B2B0D /* NVActivityIndicatorView.framework in Frameworks */,
				423882C31F0EAEB3002B2B0D /* PINRemoteImage.framework in Frameworks */,
				423882C41F0EAEB3002B2B0D /* PINCache.framework in Frameworks */,
			);
			runOnlyForDeploymentPostprocessing = 0;
		};
		423882A11F0EACC9002B2B0D /* Frameworks */ = {
			isa = PBXFrameworksBuildPhase;
			buildActionMask = 2147483647;
			files = (
			);
			runOnlyForDeploymentPostprocessing = 0;
		};
		52D6D9781BEFF229002C0205 /* Frameworks */ = {
			isa = PBXFrameworksBuildPhase;
			buildActionMask = 2147483647;
			files = (
				423882B11F0EAE8C002B2B0D /* Wrap.framework in Frameworks */,
				423882B21F0EAE8C002B2B0D /* Unbox.framework in Frameworks */,
				423882B31F0EAE8C002B2B0D /* AsyncDisplayKit.framework in Frameworks */,
				423882B41F0EAE8C002B2B0D /* StatefulViewController.framework in Frameworks */,
				423882B51F0EAE8C002B2B0D /* Birdsong.framework in Frameworks */,
				423882B61F0EAE8C002B2B0D /* Starscream.framework in Frameworks */,
				423882B71F0EAE8C002B2B0D /* PINOperation.framework in Frameworks */,
				423882B81F0EAE8C002B2B0D /* NVActivityIndicatorView.framework in Frameworks */,
				423882B91F0EAE8C002B2B0D /* PINRemoteImage.framework in Frameworks */,
				423882BA1F0EAE8C002B2B0D /* PINCache.framework in Frameworks */,
			);
			runOnlyForDeploymentPostprocessing = 0;
		};
		52D6D9831BEFF229002C0205 /* Frameworks */ = {
			isa = PBXFrameworksBuildPhase;
			buildActionMask = 2147483647;
			files = (
				52D6D9871BEFF229002C0205 /* KayakoMessenger.framework in Frameworks */,
			);
			runOnlyForDeploymentPostprocessing = 0;
		};
/* End PBXFrameworksBuildPhase section */

/* Begin PBXGroup section */
		423881891F0EA39D002B2B0D /* API */ = {
			isa = PBXGroup;
			children = (
				4238818A1F0EA39D002B2B0D /* Authorization.swift */,
				4238818B1F0EA39D002B2B0D /* Client.swift */,
				4238818C1F0EA39D002B2B0D /* CreationModels */,
				423881921F0EA39D002B2B0D /* Extensions */,
				4238819F1F0EA39D002B2B0D /* KayakoAPI.swift */,
				423881A01F0EA39D002B2B0D /* KayakoNotifications.swift */,
				423881A11F0EA39D002B2B0D /* Models */,
				423881AC1F0EA39D002B2B0D /* NetworkingPrimitives */,
				423881B21F0EA39D002B2B0D /* NetworkResource.swift */,
				423881B31F0EA39D002B2B0D /* Parser.swift */,
				423881B41F0EA39D002B2B0D /* Production.swift */,
				423881B51F0EA39D002B2B0D /* Protocols */,
				423881B81F0EA39D002B2B0D /* Resource.swift */,
				423881B91F0EA39D002B2B0D /* ResourceName.swift */,
				423881BA1F0EA39D002B2B0D /* Router.swift */,
			);
			path = API;
			sourceTree = "<group>";
		};
		4238818C1F0EA39D002B2B0D /* CreationModels */ = {
			isa = PBXGroup;
			children = (
				4238818D1F0EA39D002B2B0D /* AttachmentCreationModel.swift */,
				4238818E1F0EA39D002B2B0D /* ConversationCreationModel.swift */,
				4238818F1F0EA39D002B2B0D /* Creation.swift */,
				423881901F0EA39D002B2B0D /* MessageCreationModel.swift */,
				423881911F0EA39D002B2B0D /* RatingCreationModel.swift */,
			);
			path = CreationModels;
			sourceTree = "<group>";
		};
		423881921F0EA39D002B2B0D /* Extensions */ = {
			isa = PBXGroup;
			children = (
				423881931F0EA39D002B2B0D /* Any+Data.swift */,
				423881941F0EA39D002B2B0D /* Array+FirstSecondThird.swift */,
				423881951F0EA39D002B2B0D /* Array+RandomElement.swift */,
				423881961F0EA39D002B2B0D /* CharacterSet+URLQueryParams.swift */,
				423881971F0EA39D002B2B0D /* Dictionary+formURLEncoded.swift */,
				423881981F0EA39D002B2B0D /* NSURLSession.swift */,
				423881991F0EA39D002B2B0D /* String+EmailValidation.swift */,
				4238819A1F0EA39D002B2B0D /* Unbox+ISO8601.swift */,
				4238819B1F0EA39D002B2B0D /* Unbox+MessageStatus.swift */,
				4238819C1F0EA39D002B2B0D /* URL+Unboxable.swift */,
				4238819D1F0EA39D002B2B0D /* URLRequest+cURL.swift */,
				4238819E1F0EA39D002B2B0D /* URLSession+Validation.swift */,
			);
			path = Extensions;
			sourceTree = "<group>";
		};
		423881A11F0EA39D002B2B0D /* Models */ = {
			isa = PBXGroup;
			children = (
				423881A21F0EA39D002B2B0D /* Attachment.swift */,
				423881A31F0EA39D002B2B0D /* AttachmentMIMEType.swift */,
				423881A41F0EA39D002B2B0D /* BotFeedback.swift */,
				423881A51F0EA39D002B2B0D /* Conversation.swift */,
				423881A61F0EA39D002B2B0D /* Message.swift */,
				423881A71F0EA39D002B2B0D /* MessageStatus.swift */,
				423881A81F0EA39D002B2B0D /* Rating.swift */,
				423881A91F0EA39D002B2B0D /* SourceChannel.swift */,
				423881AA1F0EA39D002B2B0D /* StarterData.swift */,
				423881AB1F0EA39D002B2B0D /* UserMinimal.swift */,
			);
			path = Models;
			sourceTree = "<group>";
		};
		423881AC1F0EA39D002B2B0D /* NetworkingPrimitives */ = {
			isa = PBXGroup;
			children = (
				423881AD1F0EA39D002B2B0D /* ParameterType.swift */,
				423881AE1F0EA39D002B2B0D /* RequestMethod.swift */,
				423881AF1F0EA39D002B2B0D /* ResponseType.swift */,
				423881B01F0EA39D002B2B0D /* Result.swift */,
				423881B11F0EA39D002B2B0D /* StatusCodeType.swift */,
			);
			path = NetworkingPrimitives;
			sourceTree = "<group>";
		};
		423881B51F0EA39D002B2B0D /* Protocols */ = {
			isa = PBXGroup;
			children = (
				423881B61F0EA39D002B2B0D /* KayakoType.swift */,
				423881B71F0EA39D002B2B0D /* Pathable.swift */,
			);
			path = Protocols;
			sourceTree = "<group>";
		};
		423881EC1F0EA7FC002B2B0D /* Frameworks */ = {
			isa = PBXGroup;
			children = (
				423881ED1F0EA7FC002B2B0D /* UIKit.framework */,
			);
			name = Frameworks;
			sourceTree = "<group>";
		};
		423881EF1F0EA81A002B2B0D /* Messenger */ = {
			isa = PBXGroup;
			children = (
				423881F01F0EA81A002B2B0D /* Array-Diff */,
				423881F41F0EA81A002B2B0D /* ConversationsSource.swift */,
				423881F51F0EA81A002B2B0D /* KREClient */,
				423881F81F0EA81A002B2B0D /* Source */,
				4238823C1F0EA81A002B2B0D /* TestingViewController.swift */,
			);
			path = Messenger;
			sourceTree = "<group>";
		};
		423881F01F0EA81A002B2B0D /* Array-Diff */ = {
			isa = PBXGroup;
			children = (
				423881F11F0EA81A002B2B0D /* ArrayDiff.swift */,
				423881F21F0EA81A002B2B0D /* FoundationExtensions.swift */,
				423881F31F0EA81A002B2B0D /* Section.swift */,
			);
			path = "Array-Diff";
			sourceTree = "<group>";
		};
		423881F51F0EA81A002B2B0D /* KREClient */ = {
			isa = PBXGroup;
			children = (
				423881F61F0EA81A002B2B0D /* ChannelSubscription.swift */,
				423881F71F0EA81A002B2B0D /* KREClient.swift */,
			);
			path = KREClient;
			sourceTree = "<group>";
		};
		423881F81F0EA81A002B2B0D /* Source */ = {
			isa = PBXGroup;
			children = (
				423881F91F0EA81A002B2B0D /* ALTextInputBar */,
				423882001F0EA81A002B2B0D /* Background.swift */,
				423882011F0EA81A002B2B0D /* Bot Questions */,
				423882091F0EA81A002B2B0D /* BundleResources.swift */,
				4238820A1F0EA81A002B2B0D /* CardPresentationManager.swift */,
				4238820B1F0EA81A002B2B0D /* Configuration.swift */,
				4238820C1F0EA81A002B2B0D /* Conversations */,
				423882111F0EA81A002B2B0D /* CustomerSuccessController.swift */,
				423882121F0EA81A002B2B0D /* Extensions */,
				423882171F0EA81A002B2B0D /* HomeScreen */,
				4238821E1F0EA81A002B2B0D /* KayakoStyle.swift */,
				4238821F1F0EA81A002B2B0D /* LoadingIndicator.swift */,
				423882201F0EA81A002B2B0D /* Localization */,
				423882241F0EA81A002B2B0D /* Messages */,
				423882381F0EA81A002B2B0D /* Protocols */,
				4238823B1F0EA81A002B2B0D /* UIView+Snapshot.swift */,
			);
			path = Source;
			sourceTree = "<group>";
		};
		423881F91F0EA81A002B2B0D /* ALTextInputBar */ = {
			isa = PBXGroup;
			children = (
				423881FA1F0EA81A002B2B0D /* ALKeyboardObservingView.swift */,
				423881FB1F0EA81A002B2B0D /* ALTextInputBar.swift */,
				423881FC1F0EA81A002B2B0D /* ALTextInputBarDelegate.swift */,
				423881FD1F0EA81A002B2B0D /* ALTextInputUtilities.swift */,
				423881FE1F0EA81A002B2B0D /* ALTextView.swift */,
				423881FF1F0EA81A002B2B0D /* SendButtonDelegate.swift */,
			);
			path = ALTextInputBar;
			sourceTree = "<group>";
		};
		423882011F0EA81A002B2B0D /* Bot Questions */ = {
			isa = PBXGroup;
			children = (
				423882021F0EA81A002B2B0D /* BotFeedbackQuestionNode.swift */,
				423882031F0EA81A002B2B0D /* BotQuestionModel.swift */,
				423882041F0EA81A002B2B0D /* BotQuestionQueue.swift */,
				423882051F0EA81A002B2B0D /* BotTextQuestionNode.swift */,
				423882061F0EA81A002B2B0D /* BotQuestions.strings */,
				423882081F0EA81A002B2B0D /* Queue.swift */,
			);
			path = "Bot Questions";
			sourceTree = "<group>";
		};
		4238820C1F0EA81A002B2B0D /* Conversations */ = {
			isa = PBXGroup;
			children = (
				4238820D1F0EA81A002B2B0D /* ConversationCellNode.swift */,
				4238820E1F0EA81A002B2B0D /* ConversationsDataSource.swift */,
				4238820F1F0EA81A002B2B0D /* ConversationsViewController.swift */,
				423882101F0EA81A002B2B0D /* NewConversationButton.swift */,
			);
			path = Conversations;
			sourceTree = "<group>";
		};
		423882121F0EA81A002B2B0D /* Extensions */ = {
			isa = PBXGroup;
			children = (
				423882131F0EA81A002B2B0D /* MessagesDataSource+AttachmentTap.swift */,
				423882141F0EA81A002B2B0D /* String+Emoji.swift */,
				423882151F0EA81A002B2B0D /* UIImage+Color.swift */,
				423882161F0EA81A002B2B0D /* UIView+Background.swift */,
			);
			path = Extensions;
			sourceTree = "<group>";
		};
		423882171F0EA81A002B2B0D /* HomeScreen */ = {
			isa = PBXGroup;
			children = (
				423882181F0EA81A002B2B0D /* AgentsOnline.swift */,
				423882191F0EA81A002B2B0D /* HomeScreenDataSource.swift */,
				4238821A1F0EA81A002B2B0D /* HomeScreenViewController.swift */,
				4238821B1F0EA81A002B2B0D /* ImageCacheHandler.swift */,
				4238821C1F0EA81A002B2B0D /* RecentConversationsNode.swift */,
				4238821D1F0EA81A002B2B0D /* WelcomeHeader.swift */,
			);
			path = HomeScreen;
			sourceTree = "<group>";
		};
		423882201F0EA81A002B2B0D /* Localization */ = {
			isa = PBXGroup;
			children = (
				423882231F0EA81A002B2B0D /* TimeAgoInWords.swift */,
			);
			path = Localization;
			sourceTree = "<group>";
		};
		423882241F0EA81A002B2B0D /* Messages */ = {
			isa = PBXGroup;
			children = (
				423882251F0EA81A002B2B0D /* AgentsHeaderView.swift */,
				423882261F0EA81A002B2B0D /* ALKeyboardHandler.swift */,
				423882271F0EA81A002B2B0D /* AttachmentCellNode.swift */,
				423882281F0EA81A002B2B0D /* CondensedAgentsView.swift */,
				423882291F0EA81A002B2B0D /* DateSeparatorNode.swift */,
				4238822A1F0EA81A002B2B0D /* FeedbackEventsHandler.swift */,
				4238822B1F0EA81A002B2B0D /* MessageCellNode.swift */,
				4238822C1F0EA81A002B2B0D /* MessageContainerCellNode.swift */,
				4238822D1F0EA81A002B2B0D /* MessagesDataContainer.swift */,
				4238822E1F0EA81A002B2B0D /* MessagesDataSource.swift */,
				4238822F1F0EA81A002B2B0D /* MessageSendingOperations.swift */,
				423882301F0EA81A002B2B0D /* MessageStatusNode.swift */,
				423882311F0EA81A002B2B0D /* MessagesViewController.swift */,
				423882321F0EA81A002B2B0D /* MessageViewModel.swift */,
				423882331F0EA81A002B2B0D /* ScrollController.swift */,
				423882341F0EA81A002B2B0D /* TeamHeaderView.swift */,
				423882351F0EA81A002B2B0D /* TypingDelegate.swift */,
				423882361F0EA81A002B2B0D /* TypingIndicator.swift */,
				423882371F0EA81A002B2B0D /* TypingIndicatorMessageCell.swift */,
			);
			path = Messages;
			sourceTree = "<group>";
		};
		423882381F0EA81A002B2B0D /* Protocols */ = {
			isa = PBXGroup;
			children = (
				423882391F0EA81A002B2B0D /* InputSubmissionHandler.swift */,
				4238823A1F0EA81A002B2B0D /* TextBarUpdateDelegate.swift */,
			);
			path = Protocols;
			sourceTree = "<group>";
		};
		423882921F0EACC8002B2B0D /* MessengerExample */ = {
			isa = PBXGroup;
			children = (
				423882931F0EACC8002B2B0D /* AppDelegate.swift */,
				423882951F0EACC8002B2B0D /* ViewController.swift */,
				423882971F0EACC8002B2B0D /* Main.storyboard */,
				4238829A1F0EACC8002B2B0D /* Assets.xcassets */,
				4238829C1F0EACC8002B2B0D /* LaunchScreen.storyboard */,
				4238829F1F0EACC8002B2B0D /* Info.plist */,
			);
			path = MessengerExample;
			sourceTree = "<group>";
		};
		423882A71F0EACC9002B2B0D /* MessengerExampleUITests */ = {
			isa = PBXGroup;
			children = (
				423882A81F0EACC9002B2B0D /* MessengerExampleUITests.swift */,
				423882AA1F0EACC9002B2B0D /* Info.plist */,
			);
			path = MessengerExampleUITests;
			sourceTree = "<group>";
		};
		424153191F14E99A0005FF2A /* Resources */ = {
			isa = PBXGroup;
			children = (
				4241531A1F14E99A0005FF2A /* Assets.xcassets */,
				4241531B1F14E99A0005FF2A /* TimeAgoInWords.strings */,
			);
			path = Resources;
			sourceTree = "<group>";
		};
		52D6D9721BEFF229002C0205 = {
			isa = PBXGroup;
			children = (
				4238827D1F0EAAE5002B2B0D /* AsyncDisplayKit.framework */,
				4238827E1F0EAAE5002B2B0D /* Birdsong.framework */,
				4238827F1F0EAAE5002B2B0D /* NVActivityIndicatorView.framework */,
				423882801F0EAAE5002B2B0D /* PINCache.framework */,
				423882811F0EAAE5002B2B0D /* PINOperation.framework */,
				423882821F0EAAE5002B2B0D /* PINRemoteImage.framework */,
				423882831F0EAAE5002B2B0D /* Starscream.framework */,
				423882841F0EAAE5002B2B0D /* StatefulViewController.framework */,
				423881E71F0EA65C002B2B0D /* Unbox.framework */,
				423881E81F0EA65C002B2B0D /* Wrap.framework */,
				424153191F14E99A0005FF2A /* Resources */,
				8933C7811EB5B7E0000D00A4 /* Sources */,
				8933C7831EB5B7EB000D00A4 /* Tests */,
				52D6D99C1BEFF38C002C0205 /* Configs */,
				423882921F0EACC8002B2B0D /* MessengerExample */,
				423882A71F0EACC9002B2B0D /* MessengerExampleUITests */,
				52D6D97D1BEFF229002C0205 /* Products */,
				423881EC1F0EA7FC002B2B0D /* Frameworks */,
			);
			sourceTree = "<group>";
		};
		52D6D97D1BEFF229002C0205 /* Products */ = {
			isa = PBXGroup;
			children = (
				52D6D97C1BEFF229002C0205 /* KayakoMessenger.framework */,
				52D6D9861BEFF229002C0205 /* KayakoMessenger-iOS Tests.xctest */,
				423882911F0EACC8002B2B0D /* MessengerExample.app */,
				423882A41F0EACC9002B2B0D /* MessengerExampleUITests.xctest */,
			);
			name = Products;
			sourceTree = "<group>";
		};
		52D6D99C1BEFF38C002C0205 /* Configs */ = {
			isa = PBXGroup;
			children = (
				DD7502721C68FC1B006590AF /* Frameworks */,
				DD7502731C68FC20006590AF /* Tests */,
			);
			path = Configs;
			sourceTree = "<group>";
		};
		8933C7811EB5B7E0000D00A4 /* Sources */ = {
			isa = PBXGroup;
			children = (
				423881891F0EA39D002B2B0D /* API */,
				423881EF1F0EA81A002B2B0D /* Messenger */,
				8933C7841EB5B820000D00A4 /* KayakoMessenger.swift */,
			);
			path = Sources;
			sourceTree = "<group>";
		};
		8933C7831EB5B7EB000D00A4 /* Tests */ = {
			isa = PBXGroup;
			children = (
				8933C7891EB5B82A000D00A4 /* KayakoMessengerTests.swift */,
			);
			name = Tests;
			path = Tests/KayakoMessengerTests;
			sourceTree = "<group>";
		};
		DD7502721C68FC1B006590AF /* Frameworks */ = {
			isa = PBXGroup;
			children = (
				AD2FAA261CD0B6D800659CF4 /* KayakoMessenger.plist */,
			);
			name = Frameworks;
			sourceTree = "<group>";
		};
		DD7502731C68FC20006590AF /* Tests */ = {
			isa = PBXGroup;
			children = (
				AD2FAA281CD0B6E100659CF4 /* KayakoMessengerTests.plist */,
			);
			name = Tests;
			sourceTree = "<group>";
		};
/* End PBXGroup section */

/* Begin PBXHeadersBuildPhase section */
		52D6D9791BEFF229002C0205 /* Headers */ = {
			isa = PBXHeadersBuildPhase;
			buildActionMask = 2147483647;
			files = (
			);
			runOnlyForDeploymentPostprocessing = 0;
		};
/* End PBXHeadersBuildPhase section */

/* Begin PBXNativeTarget section */
		423882901F0EACC8002B2B0D /* MessengerExample */ = {
			isa = PBXNativeTarget;
			buildConfigurationList = 423882AB1F0EACC9002B2B0D /* Build configuration list for PBXNativeTarget "MessengerExample" */;
			buildPhases = (
				4238828D1F0EACC8002B2B0D /* Sources */,
				4238828E1F0EACC8002B2B0D /* Frameworks */,
				4238828F1F0EACC8002B2B0D /* Resources */,
				423882C61F0EAEBC002B2B0D /* ShellScript */,
				42F85F501F79FDED00938C0C /* Embed Frameworks */,
			);
			buildRules = (
			);
			dependencies = (
				42F85F4F1F79FDED00938C0C /* PBXTargetDependency */,
			);
			name = MessengerExample;
			productName = MessengerExample;
			productReference = 423882911F0EACC8002B2B0D /* MessengerExample.app */;
			productType = "com.apple.product-type.application";
		};
		423882A31F0EACC9002B2B0D /* MessengerExampleUITests */ = {
			isa = PBXNativeTarget;
			buildConfigurationList = 423882AE1F0EACC9002B2B0D /* Build configuration list for PBXNativeTarget "MessengerExampleUITests" */;
			buildPhases = (
				423882A01F0EACC9002B2B0D /* Sources */,
				423882A11F0EACC9002B2B0D /* Frameworks */,
				423882A21F0EACC9002B2B0D /* Resources */,
			);
			buildRules = (
			);
			dependencies = (
				423882A61F0EACC9002B2B0D /* PBXTargetDependency */,
			);
			name = MessengerExampleUITests;
			productName = MessengerExampleUITests;
			productReference = 423882A41F0EACC9002B2B0D /* MessengerExampleUITests.xctest */;
			productType = "com.apple.product-type.bundle.ui-testing";
		};
		52D6D97B1BEFF229002C0205 /* KayakoMessenger-iOS */ = {
			isa = PBXNativeTarget;
			buildConfigurationList = 52D6D9901BEFF229002C0205 /* Build configuration list for PBXNativeTarget "KayakoMessenger-iOS" */;
			buildPhases = (
				52D6D9771BEFF229002C0205 /* Sources */,
				52D6D9781BEFF229002C0205 /* Frameworks */,
				52D6D9791BEFF229002C0205 /* Headers */,
				52D6D97A1BEFF229002C0205 /* Resources */,
			);
			buildRules = (
			);
			dependencies = (
			);
			name = "KayakoMessenger-iOS";
			productName = KayakoMessenger;
			productReference = 52D6D97C1BEFF229002C0205 /* KayakoMessenger.framework */;
			productType = "com.apple.product-type.framework";
		};
		52D6D9851BEFF229002C0205 /* KayakoMessenger-iOS Tests */ = {
			isa = PBXNativeTarget;
			buildConfigurationList = 52D6D9931BEFF229002C0205 /* Build configuration list for PBXNativeTarget "KayakoMessenger-iOS Tests" */;
			buildPhases = (
				52D6D9821BEFF229002C0205 /* Sources */,
				52D6D9831BEFF229002C0205 /* Frameworks */,
				52D6D9841BEFF229002C0205 /* Resources */,
			);
			buildRules = (
			);
			dependencies = (
				52D6D9891BEFF229002C0205 /* PBXTargetDependency */,
			);
			name = "KayakoMessenger-iOS Tests";
			productName = KayakoMessengerTests;
			productReference = 52D6D9861BEFF229002C0205 /* KayakoMessenger-iOS Tests.xctest */;
			productType = "com.apple.product-type.bundle.unit-test";
		};
/* End PBXNativeTarget section */

/* Begin PBXProject section */
		52D6D9731BEFF229002C0205 /* Project object */ = {
			isa = PBXProject;
			attributes = {
				LastSwiftUpdateCheck = 0830;
				LastUpgradeCheck = 0810;
				ORGANIZATIONNAME = Kayako;
				TargetAttributes = {
					423882901F0EACC8002B2B0D = {
						CreatedOnToolsVersion = 8.3.3;
						DevelopmentTeam = FT6Z43AJD2;
						ProvisioningStyle = Automatic;
					};
					423882A31F0EACC9002B2B0D = {
						CreatedOnToolsVersion = 8.3.3;
						ProvisioningStyle = Automatic;
						TestTargetID = 423882901F0EACC8002B2B0D;
					};
					52D6D97B1BEFF229002C0205 = {
						CreatedOnToolsVersion = 7.1;
						DevelopmentTeam = FT6Z43AJD2;
						LastSwiftMigration = 0800;
					};
					52D6D9851BEFF229002C0205 = {
						CreatedOnToolsVersion = 7.1;
						LastSwiftMigration = 0800;
					};
				};
			};
			buildConfigurationList = 52D6D9761BEFF229002C0205 /* Build configuration list for PBXProject "KayakoMessenger" */;
			compatibilityVersion = "Xcode 6.3";
			developmentRegion = English;
			hasScannedForEncodings = 0;
			knownRegions = (
				en,
				Base,
			);
			mainGroup = 52D6D9721BEFF229002C0205;
			productRefGroup = 52D6D97D1BEFF229002C0205 /* Products */;
			projectDirPath = "";
			projectRoot = "";
			targets = (
				52D6D97B1BEFF229002C0205 /* KayakoMessenger-iOS */,
				52D6D9851BEFF229002C0205 /* KayakoMessenger-iOS Tests */,
				423882901F0EACC8002B2B0D /* MessengerExample */,
				423882A31F0EACC9002B2B0D /* MessengerExampleUITests */,
			);
		};
/* End PBXProject section */

/* Begin PBXResourcesBuildPhase section */
		4238828F1F0EACC8002B2B0D /* Resources */ = {
			isa = PBXResourcesBuildPhase;
			buildActionMask = 2147483647;
			files = (
				4238829E1F0EACC8002B2B0D /* LaunchScreen.storyboard in Resources */,
				4238829B1F0EACC8002B2B0D /* Assets.xcassets in Resources */,
				423882991F0EACC8002B2B0D /* Main.storyboard in Resources */,
			);
			runOnlyForDeploymentPostprocessing = 0;
		};
		423882A21F0EACC9002B2B0D /* Resources */ = {
			isa = PBXResourcesBuildPhase;
			buildActionMask = 2147483647;
			files = (
			);
			runOnlyForDeploymentPostprocessing = 0;
		};
		52D6D97A1BEFF229002C0205 /* Resources */ = {
			isa = PBXResourcesBuildPhase;
			buildActionMask = 2147483647;
			files = (
				4241531D1F14E99A0005FF2A /* Assets.xcassets in Resources */,
				4238824E1F0EA81A002B2B0D /* BotQuestions.strings in Resources */,
				4241531E1F14E99A0005FF2A /* TimeAgoInWords.strings in Resources */,
			);
			runOnlyForDeploymentPostprocessing = 0;
		};
		52D6D9841BEFF229002C0205 /* Resources */ = {
			isa = PBXResourcesBuildPhase;
			buildActionMask = 2147483647;
			files = (
			);
			runOnlyForDeploymentPostprocessing = 0;
		};
/* End PBXResourcesBuildPhase section */

/* Begin PBXShellScriptBuildPhase section */
		423882C61F0EAEBC002B2B0D /* ShellScript */ = {
			isa = PBXShellScriptBuildPhase;
			buildActionMask = 2147483647;
			files = (
			);
			inputPaths = (
				"$(SRCROOT)/Carthage/Build/iOS/Unbox.framework",
				"$(SRCROOT)/Carthage/Build/iOS/Wrap.framework",
				"$(SRCROOT)/Carthage/Build/iOS/AsyncDisplayKit.framework",
				"$(SRCROOT)/Carthage/Build/iOS/Birdsong.framework",
				"$(SRCROOT)/Carthage/Build/iOS/NVActivityIndicatorView.framework",
				"$(SRCROOT)/Carthage/Build/iOS/PINCache.framework",
				"$(SRCROOT)/Carthage/Build/iOS/PINOperation.framework",
				"$(SRCROOT)/Carthage/Build/iOS/PINRemoteImage.framework",
				"$(SRCROOT)/Carthage/Build/iOS/Starscream.framework",
				"$(SRCROOT)/Carthage/Build/iOS/StatefulViewController.framework",
			);
			outputPaths = (
			);
			runOnlyForDeploymentPostprocessing = 0;
			shellPath = /bin/sh;
			shellScript = "/usr/local/bin/carthage copy-frameworks";
		};
/* End PBXShellScriptBuildPhase section */

/* Begin PBXSourcesBuildPhase section */
		4238828D1F0EACC8002B2B0D /* Sources */ = {
			isa = PBXSourcesBuildPhase;
			buildActionMask = 2147483647;
			files = (
				423882961F0EACC8002B2B0D /* ViewController.swift in Sources */,
				423882941F0EACC8002B2B0D /* AppDelegate.swift in Sources */,
			);
			runOnlyForDeploymentPostprocessing = 0;
		};
		423882A01F0EACC9002B2B0D /* Sources */ = {
			isa = PBXSourcesBuildPhase;
			buildActionMask = 2147483647;
			files = (
				423882A91F0EACC9002B2B0D /* MessengerExampleUITests.swift in Sources */,
			);
			runOnlyForDeploymentPostprocessing = 0;
		};
		52D6D9771BEFF229002C0205 /* Sources */ = {
			isa = PBXSourcesBuildPhase;
			buildActionMask = 2147483647;
			files = (
				4238827A1F0EA81A002B2B0D /* TextBarUpdateDelegate.swift in Sources */,
				423882781F0EA81A002B2B0D /* TypingIndicatorMessageCell.swift in Sources */,
				423881C31F0EA39D002B2B0D /* Array+FirstSecondThird.swift in Sources */,
				423882761F0EA81A002B2B0D /* TypingDelegate.swift in Sources */,
				4238827C1F0EA81A002B2B0D /* TestingViewController.swift in Sources */,
				423881C71F0EA39D002B2B0D /* NSURLSession.swift in Sources */,
				423881C41F0EA39D002B2B0D /* Array+RandomElement.swift in Sources */,
				423881BF1F0EA39D002B2B0D /* Creation.swift in Sources */,
				423882461F0EA81A002B2B0D /* ALTextInputUtilities.swift in Sources */,
				423882771F0EA81A002B2B0D /* TypingIndicator.swift in Sources */,
				423882501F0EA81A002B2B0D /* BundleResources.swift in Sources */,
				423881E21F0EA39D002B2B0D /* KayakoType.swift in Sources */,
				4238824D1F0EA81A002B2B0D /* BotTextQuestionNode.swift in Sources */,
				423881DE1F0EA39D002B2B0D /* StatusCodeType.swift in Sources */,
				4238824B1F0EA81A002B2B0D /* BotQuestionModel.swift in Sources */,
				4238823D1F0EA81A002B2B0D /* ArrayDiff.swift in Sources */,
				4238826D1F0EA81A002B2B0D /* MessageContainerCellNode.swift in Sources */,
				4238824A1F0EA81A002B2B0D /* BotFeedbackQuestionNode.swift in Sources */,
				423882701F0EA81A002B2B0D /* MessageSendingOperations.swift in Sources */,
				423882691F0EA81A002B2B0D /* CondensedAgentsView.swift in Sources */,
				423881E31F0EA39D002B2B0D /* Pathable.swift in Sources */,
				423882601F0EA81A002B2B0D /* RecentConversationsNode.swift in Sources */,
				423882611F0EA81A002B2B0D /* WelcomeHeader.swift in Sources */,
				423881C21F0EA39D002B2B0D /* Any+Data.swift in Sources */,
				8933C7851EB5B820000D00A4 /* KayakoMessenger.swift in Sources */,
				4238825A1F0EA81A002B2B0D /* UIImage+Color.swift in Sources */,
				423881BE1F0EA39D002B2B0D /* ConversationCreationModel.swift in Sources */,
				4238825E1F0EA81A002B2B0D /* HomeScreenViewController.swift in Sources */,
				423881D21F0EA39D002B2B0D /* BotFeedback.swift in Sources */,
				4238825D1F0EA81A002B2B0D /* HomeScreenDataSource.swift in Sources */,
				423881BB1F0EA39D002B2B0D /* Authorization.swift in Sources */,
				423882511F0EA81A002B2B0D /* CardPresentationManager.swift in Sources */,
				423882531F0EA81A002B2B0D /* ConversationCellNode.swift in Sources */,
				423881E11F0EA39D002B2B0D /* Production.swift in Sources */,
				423882581F0EA81A002B2B0D /* MessagesDataSource+AttachmentTap.swift in Sources */,
				423882791F0EA81A002B2B0D /* InputSubmissionHandler.swift in Sources */,
				423882571F0EA81A002B2B0D /* CustomerSuccessController.swift in Sources */,
				423881BC1F0EA39D002B2B0D /* Client.swift in Sources */,
				423881E51F0EA39D002B2B0D /* ResourceName.swift in Sources */,
				423881C81F0EA39D002B2B0D /* String+EmailValidation.swift in Sources */,
				423881E41F0EA39D002B2B0D /* Resource.swift in Sources */,
				4238823E1F0EA81A002B2B0D /* FoundationExtensions.swift in Sources */,
				4238825F1F0EA81A002B2B0D /* ImageCacheHandler.swift in Sources */,
				423881D81F0EA39D002B2B0D /* StarterData.swift in Sources */,
				423881CE1F0EA39D002B2B0D /* KayakoAPI.swift in Sources */,
				4238824C1F0EA81A002B2B0D /* BotQuestionQueue.swift in Sources */,
				423881D31F0EA39D002B2B0D /* Conversation.swift in Sources */,
				423881BD1F0EA39D002B2B0D /* AttachmentCreationModel.swift in Sources */,
				423881CF1F0EA39D002B2B0D /* KayakoNotifications.swift in Sources */,
				423881E61F0EA39D002B2B0D /* Router.swift in Sources */,
				423882441F0EA81A002B2B0D /* ALTextInputBar.swift in Sources */,
				4238826F1F0EA81A002B2B0D /* MessagesDataSource.swift in Sources */,
				423881E01F0EA39D002B2B0D /* Parser.swift in Sources */,
				4238827B1F0EA81A002B2B0D /* UIView+Snapshot.swift in Sources */,
				423882661F0EA81A002B2B0D /* AgentsHeaderView.swift in Sources */,
				423881D51F0EA39D002B2B0D /* MessageStatus.swift in Sources */,
				423881C01F0EA39D002B2B0D /* MessageCreationModel.swift in Sources */,
				423881DD1F0EA39D002B2B0D /* Result.swift in Sources */,
				423881D91F0EA39D002B2B0D /* UserMinimal.swift in Sources */,
				4238825B1F0EA81A002B2B0D /* UIView+Background.swift in Sources */,
				423881D11F0EA39D002B2B0D /* AttachmentMIMEType.swift in Sources */,
				423881CB1F0EA39D002B2B0D /* URL+Unboxable.swift in Sources */,
				423881C11F0EA39D002B2B0D /* RatingCreationModel.swift in Sources */,
				423882421F0EA81A002B2B0D /* KREClient.swift in Sources */,
				423881D61F0EA39D002B2B0D /* Rating.swift in Sources */,
				423882671F0EA81A002B2B0D /* ALKeyboardHandler.swift in Sources */,
				423882631F0EA81A002B2B0D /* LoadingIndicator.swift in Sources */,
				423881C61F0EA39D002B2B0D /* Dictionary+formURLEncoded.swift in Sources */,
				423881DB1F0EA39D002B2B0D /* RequestMethod.swift in Sources */,
				4238824F1F0EA81A002B2B0D /* Queue.swift in Sources */,
				4238826C1F0EA81A002B2B0D /* MessageCellNode.swift in Sources */,
				423881D01F0EA39D002B2B0D /* Attachment.swift in Sources */,
				423882711F0EA81A002B2B0D /* MessageStatusNode.swift in Sources */,
				423881D41F0EA39D002B2B0D /* Message.swift in Sources */,
				423882541F0EA81A002B2B0D /* ConversationsDataSource.swift in Sources */,
				423881DA1F0EA39D002B2B0D /* ParameterType.swift in Sources */,
				423881CC1F0EA39D002B2B0D /* URLRequest+cURL.swift in Sources */,
				423882621F0EA81A002B2B0D /* KayakoStyle.swift in Sources */,
				423881C51F0EA39D002B2B0D /* CharacterSet+URLQueryParams.swift in Sources */,
				423881CA1F0EA39D002B2B0D /* Unbox+MessageStatus.swift in Sources */,
				423881C91F0EA39D002B2B0D /* Unbox+ISO8601.swift in Sources */,
				423882721F0EA81A002B2B0D /* MessagesViewController.swift in Sources */,
				4238826A1F0EA81A002B2B0D /* DateSeparatorNode.swift in Sources */,
				423882561F0EA81A002B2B0D /* NewConversationButton.swift in Sources */,
				423882451F0EA81A002B2B0D /* ALTextInputBarDelegate.swift in Sources */,
				423882521F0EA81A002B2B0D /* Configuration.swift in Sources */,
				423882431F0EA81A002B2B0D /* ALKeyboardObservingView.swift in Sources */,
				423882471F0EA81A002B2B0D /* ALTextView.swift in Sources */,
				423882651F0EA81A002B2B0D /* TimeAgoInWords.swift in Sources */,
				4238825C1F0EA81A002B2B0D /* AgentsOnline.swift in Sources */,
				423882491F0EA81A002B2B0D /* Background.swift in Sources */,
				423882401F0EA81A002B2B0D /* ConversationsSource.swift in Sources */,
				423882481F0EA81A002B2B0D /* SendButtonDelegate.swift in Sources */,
				4238826B1F0EA81A002B2B0D /* FeedbackEventsHandler.swift in Sources */,
				423881DF1F0EA39D002B2B0D /* NetworkResource.swift in Sources */,
				423882731F0EA81A002B2B0D /* MessageViewModel.swift in Sources */,
				423882551F0EA81A002B2B0D /* ConversationsViewController.swift in Sources */,
				423881D71F0EA39D002B2B0D /* SourceChannel.swift in Sources */,
				4238823F1F0EA81A002B2B0D /* Section.swift in Sources */,
				423882681F0EA81A002B2B0D /* AttachmentCellNode.swift in Sources */,
				423881CD1F0EA39D002B2B0D /* URLSession+Validation.swift in Sources */,
				423882591F0EA81A002B2B0D /* String+Emoji.swift in Sources */,
				4238826E1F0EA81A002B2B0D /* MessagesDataContainer.swift in Sources */,
				423882411F0EA81A002B2B0D /* ChannelSubscription.swift in Sources */,
				423881DC1F0EA39D002B2B0D /* ResponseType.swift in Sources */,
				423882751F0EA81A002B2B0D /* TeamHeaderView.swift in Sources */,
				423882741F0EA81A002B2B0D /* ScrollController.swift in Sources */,
			);
			runOnlyForDeploymentPostprocessing = 0;
		};
		52D6D9821BEFF229002C0205 /* Sources */ = {
			isa = PBXSourcesBuildPhase;
			buildActionMask = 2147483647;
			files = (
				8933C7901EB5B82D000D00A4 /* KayakoMessengerTests.swift in Sources */,
			);
			runOnlyForDeploymentPostprocessing = 0;
		};
/* End PBXSourcesBuildPhase section */

/* Begin PBXTargetDependency section */
		423882A61F0EACC9002B2B0D /* PBXTargetDependency */ = {
			isa = PBXTargetDependency;
			target = 423882901F0EACC8002B2B0D /* MessengerExample */;
			targetProxy = 423882A51F0EACC9002B2B0D /* PBXContainerItemProxy */;
		};
		42F85F4F1F79FDED00938C0C /* PBXTargetDependency */ = {
			isa = PBXTargetDependency;
			target = 52D6D97B1BEFF229002C0205 /* KayakoMessenger-iOS */;
			targetProxy = 42F85F4E1F79FDED00938C0C /* PBXContainerItemProxy */;
		};
		52D6D9891BEFF229002C0205 /* PBXTargetDependency */ = {
			isa = PBXTargetDependency;
			target = 52D6D97B1BEFF229002C0205 /* KayakoMessenger-iOS */;
			targetProxy = 52D6D9881BEFF229002C0205 /* PBXContainerItemProxy */;
		};
/* End PBXTargetDependency section */

/* Begin PBXVariantGroup section */
		423882061F0EA81A002B2B0D /* BotQuestions.strings */ = {
			isa = PBXVariantGroup;
			children = (
				423882071F0EA81A002B2B0D /* en */,
			);
			name = BotQuestions.strings;
			sourceTree = "<group>";
		};
		423882971F0EACC8002B2B0D /* Main.storyboard */ = {
			isa = PBXVariantGroup;
			children = (
				423882981F0EACC8002B2B0D /* Base */,
			);
			name = Main.storyboard;
			sourceTree = "<group>";
		};
		4238829C1F0EACC8002B2B0D /* LaunchScreen.storyboard */ = {
			isa = PBXVariantGroup;
			children = (
				4238829D1F0EACC8002B2B0D /* Base */,
			);
			name = LaunchScreen.storyboard;
			sourceTree = "<group>";
		};
		4241531B1F14E99A0005FF2A /* TimeAgoInWords.strings */ = {
			isa = PBXVariantGroup;
			children = (
				4241531C1F14E99A0005FF2A /* en */,
			);
			name = TimeAgoInWords.strings;
			sourceTree = "<group>";
		};
/* End PBXVariantGroup section */

/* Begin XCBuildConfiguration section */
		423882AC1F0EACC9002B2B0D /* Debug */ = {
			isa = XCBuildConfiguration;
			buildSettings = {
				ALWAYS_EMBED_SWIFT_STANDARD_LIBRARIES = YES;
				ASSETCATALOG_COMPILER_APPICON_NAME = AppIcon;
				CLANG_ANALYZER_NONNULL = YES;
				CLANG_ANALYZER_NUMBER_OBJECT_CONVERSION = YES_AGGRESSIVE;
				CLANG_WARN_DOCUMENTATION_COMMENTS = YES;
				DEVELOPMENT_TEAM = FT6Z43AJD2;
				FRAMEWORK_SEARCH_PATHS = (
					"$(inherited)",
					"$(PROJECT_DIR)/Carthage/Build/iOS",
				);
				INFOPLIST_FILE = MessengerExample/Info.plist;
				IPHONEOS_DEPLOYMENT_TARGET = 10.3;
				LD_RUNPATH_SEARCH_PATHS = "$(inherited) @executable_path/Frameworks";
				PRODUCT_BUNDLE_IDENTIFIER = com.kayako.MessengerExample;
				PRODUCT_NAME = "$(TARGET_NAME)";
				SWIFT_ACTIVE_COMPILATION_CONDITIONS = DEBUG;
				SWIFT_VERSION = 3.0;
			};
			name = Debug;
		};
		423882AD1F0EACC9002B2B0D /* Release */ = {
			isa = XCBuildConfiguration;
			buildSettings = {
				ALWAYS_EMBED_SWIFT_STANDARD_LIBRARIES = YES;
				ASSETCATALOG_COMPILER_APPICON_NAME = AppIcon;
				CLANG_ANALYZER_NONNULL = YES;
				CLANG_ANALYZER_NUMBER_OBJECT_CONVERSION = YES_AGGRESSIVE;
				CLANG_WARN_DOCUMENTATION_COMMENTS = YES;
				DEVELOPMENT_TEAM = FT6Z43AJD2;
				FRAMEWORK_SEARCH_PATHS = (
					"$(inherited)",
					"$(PROJECT_DIR)/Carthage/Build/iOS",
				);
				INFOPLIST_FILE = MessengerExample/Info.plist;
				IPHONEOS_DEPLOYMENT_TARGET = 10.3;
				LD_RUNPATH_SEARCH_PATHS = "$(inherited) @executable_path/Frameworks";
				PRODUCT_BUNDLE_IDENTIFIER = com.kayako.MessengerExample;
				PRODUCT_NAME = "$(TARGET_NAME)";
				SWIFT_OPTIMIZATION_LEVEL = "-Owholemodule";
				SWIFT_VERSION = 3.0;
			};
			name = Release;
		};
		423882AF1F0EACC9002B2B0D /* Debug */ = {
			isa = XCBuildConfiguration;
			buildSettings = {
				ALWAYS_EMBED_SWIFT_STANDARD_LIBRARIES = YES;
				CLANG_ANALYZER_NONNULL = YES;
				CLANG_ANALYZER_NUMBER_OBJECT_CONVERSION = YES_AGGRESSIVE;
				CLANG_WARN_DOCUMENTATION_COMMENTS = YES;
				INFOPLIST_FILE = MessengerExampleUITests/Info.plist;
				IPHONEOS_DEPLOYMENT_TARGET = 10.3;
				LD_RUNPATH_SEARCH_PATHS = "$(inherited) @executable_path/Frameworks @loader_path/Frameworks";
				PRODUCT_BUNDLE_IDENTIFIER = com.kayako.MessengerExampleUITests;
				PRODUCT_NAME = "$(TARGET_NAME)";
				SWIFT_ACTIVE_COMPILATION_CONDITIONS = DEBUG;
				SWIFT_VERSION = 3.0;
				TEST_TARGET_NAME = MessengerExample;
			};
			name = Debug;
		};
		423882B01F0EACC9002B2B0D /* Release */ = {
			isa = XCBuildConfiguration;
			buildSettings = {
				ALWAYS_EMBED_SWIFT_STANDARD_LIBRARIES = YES;
				CLANG_ANALYZER_NONNULL = YES;
				CLANG_ANALYZER_NUMBER_OBJECT_CONVERSION = YES_AGGRESSIVE;
				CLANG_WARN_DOCUMENTATION_COMMENTS = YES;
				INFOPLIST_FILE = MessengerExampleUITests/Info.plist;
				IPHONEOS_DEPLOYMENT_TARGET = 10.3;
				LD_RUNPATH_SEARCH_PATHS = "$(inherited) @executable_path/Frameworks @loader_path/Frameworks";
				PRODUCT_BUNDLE_IDENTIFIER = com.kayako.MessengerExampleUITests;
				PRODUCT_NAME = "$(TARGET_NAME)";
				SWIFT_OPTIMIZATION_LEVEL = "-Owholemodule";
				SWIFT_VERSION = 3.0;
				TEST_TARGET_NAME = MessengerExample;
			};
			name = Release;
		};
		52D6D98E1BEFF229002C0205 /* Debug */ = {
			isa = XCBuildConfiguration;
			buildSettings = {
				ALWAYS_SEARCH_USER_PATHS = NO;
				CLANG_CXX_LANGUAGE_STANDARD = "gnu++0x";
				CLANG_CXX_LIBRARY = "libc++";
				CLANG_ENABLE_MODULES = YES;
				CLANG_ENABLE_OBJC_ARC = YES;
				CLANG_WARN_BOOL_CONVERSION = YES;
				CLANG_WARN_CONSTANT_CONVERSION = YES;
				CLANG_WARN_DIRECT_OBJC_ISA_USAGE = YES_ERROR;
				CLANG_WARN_EMPTY_BODY = YES;
				CLANG_WARN_ENUM_CONVERSION = YES;
				CLANG_WARN_INFINITE_RECURSION = YES;
				CLANG_WARN_INT_CONVERSION = YES;
				CLANG_WARN_OBJC_ROOT_CLASS = YES_ERROR;
				CLANG_WARN_SUSPICIOUS_MOVE = YES;
				CLANG_WARN_UNREACHABLE_CODE = YES;
				CLANG_WARN__DUPLICATE_METHOD_MATCH = YES;
				"CODE_SIGN_IDENTITY[sdk=iphoneos*]" = "iPhone Developer";
				COPY_PHASE_STRIP = NO;
				CURRENT_PROJECT_VERSION = 1;
				DEBUG_INFORMATION_FORMAT = dwarf;
				ENABLE_STRICT_OBJC_MSGSEND = YES;
				ENABLE_TESTABILITY = YES;
				GCC_C_LANGUAGE_STANDARD = gnu99;
				GCC_DYNAMIC_NO_PIC = NO;
				GCC_NO_COMMON_BLOCKS = YES;
				GCC_OPTIMIZATION_LEVEL = 0;
				GCC_PREPROCESSOR_DEFINITIONS = (
					"DEBUG=1",
					"$(inherited)",
				);
				GCC_WARN_64_TO_32_BIT_CONVERSION = YES;
				GCC_WARN_ABOUT_RETURN_TYPE = YES_ERROR;
				GCC_WARN_UNDECLARED_SELECTOR = YES;
				GCC_WARN_UNINITIALIZED_AUTOS = YES_AGGRESSIVE;
				GCC_WARN_UNUSED_FUNCTION = YES;
				GCC_WARN_UNUSED_VARIABLE = YES;
				IPHONEOS_DEPLOYMENT_TARGET = 8.0;
				MTL_ENABLE_DEBUG_INFO = YES;
				ONLY_ACTIVE_ARCH = YES;
				SDKROOT = iphoneos;
				SWIFT_OPTIMIZATION_LEVEL = "-Onone";
				SWIFT_VERSION = 3.0;
				TARGETED_DEVICE_FAMILY = "1,2";
				VERSIONING_SYSTEM = "apple-generic";
				VERSION_INFO_PREFIX = "";
			};
			name = Debug;
		};
		52D6D98F1BEFF229002C0205 /* Release */ = {
			isa = XCBuildConfiguration;
			buildSettings = {
				ALWAYS_SEARCH_USER_PATHS = NO;
				CLANG_CXX_LANGUAGE_STANDARD = "gnu++0x";
				CLANG_CXX_LIBRARY = "libc++";
				CLANG_ENABLE_MODULES = YES;
				CLANG_ENABLE_OBJC_ARC = YES;
				CLANG_WARN_BOOL_CONVERSION = YES;
				CLANG_WARN_CONSTANT_CONVERSION = YES;
				CLANG_WARN_DIRECT_OBJC_ISA_USAGE = YES_ERROR;
				CLANG_WARN_EMPTY_BODY = YES;
				CLANG_WARN_ENUM_CONVERSION = YES;
				CLANG_WARN_INFINITE_RECURSION = YES;
				CLANG_WARN_INT_CONVERSION = YES;
				CLANG_WARN_OBJC_ROOT_CLASS = YES_ERROR;
				CLANG_WARN_SUSPICIOUS_MOVE = YES;
				CLANG_WARN_UNREACHABLE_CODE = YES;
				CLANG_WARN__DUPLICATE_METHOD_MATCH = YES;
				"CODE_SIGN_IDENTITY[sdk=iphoneos*]" = "iPhone Developer";
				COPY_PHASE_STRIP = NO;
				CURRENT_PROJECT_VERSION = 1;
				DEBUG_INFORMATION_FORMAT = "dwarf-with-dsym";
				ENABLE_NS_ASSERTIONS = NO;
				ENABLE_STRICT_OBJC_MSGSEND = YES;
				GCC_C_LANGUAGE_STANDARD = gnu99;
				GCC_NO_COMMON_BLOCKS = YES;
				GCC_WARN_64_TO_32_BIT_CONVERSION = YES;
				GCC_WARN_ABOUT_RETURN_TYPE = YES_ERROR;
				GCC_WARN_UNDECLARED_SELECTOR = YES;
				GCC_WARN_UNINITIALIZED_AUTOS = YES_AGGRESSIVE;
				GCC_WARN_UNUSED_FUNCTION = YES;
				GCC_WARN_UNUSED_VARIABLE = YES;
				IPHONEOS_DEPLOYMENT_TARGET = 8.0;
				MTL_ENABLE_DEBUG_INFO = NO;
				SDKROOT = iphoneos;
				SWIFT_VERSION = 3.0;
				TARGETED_DEVICE_FAMILY = "1,2";
				VALIDATE_PRODUCT = YES;
				VERSIONING_SYSTEM = "apple-generic";
				VERSION_INFO_PREFIX = "";
			};
			name = Release;
		};
		52D6D9911BEFF229002C0205 /* Debug */ = {
			isa = XCBuildConfiguration;
			buildSettings = {
				APPLICATION_EXTENSION_API_ONLY = NO;
				CLANG_ENABLE_MODULES = YES;
				"CODE_SIGN_IDENTITY[sdk=iphoneos*]" = "";
				DEFINES_MODULE = YES;
				DEVELOPMENT_TEAM = FT6Z43AJD2;
				DYLIB_COMPATIBILITY_VERSION = 1;
				DYLIB_CURRENT_VERSION = 1;
				DYLIB_INSTALL_NAME_BASE = "@rpath";
				FRAMEWORK_SEARCH_PATHS = (
					"$(inherited)",
					"$(PROJECT_DIR)/Carthage/Build/iOS",
				);
				INFOPLIST_FILE = Configs/KayakoMessenger.plist;
				INSTALL_PATH = "$(LOCAL_LIBRARY_DIR)/Frameworks";
				IPHONEOS_DEPLOYMENT_TARGET = 9.0;
				LD_RUNPATH_SEARCH_PATHS = "$(inherited) @executable_path/Frameworks @loader_path/Frameworks";
				ONLY_ACTIVE_ARCH = NO;
				PRODUCT_BUNDLE_IDENTIFIER = "com.KayakoMessenger.KayakoMessenger-iOS";
				PRODUCT_NAME = KayakoMessenger;
				SKIP_INSTALL = YES;
				SWIFT_OPTIMIZATION_LEVEL = "-Onone";
				SWIFT_VERSION = 3.0;
			};
			name = Debug;
		};
		52D6D9921BEFF229002C0205 /* Release */ = {
			isa = XCBuildConfiguration;
			buildSettings = {
				APPLICATION_EXTENSION_API_ONLY = NO;
				CLANG_ENABLE_MODULES = YES;
				"CODE_SIGN_IDENTITY[sdk=iphoneos*]" = "";
				DEFINES_MODULE = YES;
				DEVELOPMENT_TEAM = FT6Z43AJD2;
				DYLIB_COMPATIBILITY_VERSION = 1;
				DYLIB_CURRENT_VERSION = 1;
				DYLIB_INSTALL_NAME_BASE = "@rpath";
				FRAMEWORK_SEARCH_PATHS = (
					"$(inherited)",
					"$(PROJECT_DIR)/Carthage/Build/iOS",
				);
				INFOPLIST_FILE = Configs/KayakoMessenger.plist;
				INSTALL_PATH = "$(LOCAL_LIBRARY_DIR)/Frameworks";
				IPHONEOS_DEPLOYMENT_TARGET = 9.0;
				LD_RUNPATH_SEARCH_PATHS = "$(inherited) @executable_path/Frameworks @loader_path/Frameworks";
				PRODUCT_BUNDLE_IDENTIFIER = "com.KayakoMessenger.KayakoMessenger-iOS";
				PRODUCT_NAME = KayakoMessenger;
				SKIP_INSTALL = YES;
				SWIFT_OPTIMIZATION_LEVEL = "-Owholemodule";
				SWIFT_VERSION = 3.0;
			};
			name = Release;
		};
		52D6D9941BEFF229002C0205 /* Debug */ = {
			isa = XCBuildConfiguration;
			buildSettings = {
				CLANG_ENABLE_MODULES = YES;
				INFOPLIST_FILE = Configs/KayakoMessengerTests.plist;
				LD_RUNPATH_SEARCH_PATHS = "$(inherited) @executable_path/Frameworks @loader_path/Frameworks";
				PRODUCT_BUNDLE_IDENTIFIER = "com.KayakoMessenger.KayakoMessenger-iOS-Tests";
				PRODUCT_NAME = "$(TARGET_NAME)";
				SWIFT_OPTIMIZATION_LEVEL = "-Onone";
				SWIFT_VERSION = 3.0;
			};
			name = Debug;
		};
		52D6D9951BEFF229002C0205 /* Release */ = {
			isa = XCBuildConfiguration;
			buildSettings = {
				CLANG_ENABLE_MODULES = YES;
				INFOPLIST_FILE = Configs/KayakoMessengerTests.plist;
				LD_RUNPATH_SEARCH_PATHS = "$(inherited) @executable_path/Frameworks @loader_path/Frameworks";
				PRODUCT_BUNDLE_IDENTIFIER = "com.KayakoMessenger.KayakoMessenger-iOS-Tests";
				PRODUCT_NAME = "$(TARGET_NAME)";
				SWIFT_OPTIMIZATION_LEVEL = "-Owholemodule";
				SWIFT_VERSION = 3.0;
			};
			name = Release;
		};
/* End XCBuildConfiguration section */

/* Begin XCConfigurationList section */
		423882AB1F0EACC9002B2B0D /* Build configuration list for PBXNativeTarget "MessengerExample" */ = {
			isa = XCConfigurationList;
			buildConfigurations = (
				423882AC1F0EACC9002B2B0D /* Debug */,
				423882AD1F0EACC9002B2B0D /* Release */,
			);
			defaultConfigurationIsVisible = 0;
			defaultConfigurationName = Release;
		};
		423882AE1F0EACC9002B2B0D /* Build configuration list for PBXNativeTarget "MessengerExampleUITests" */ = {
			isa = XCConfigurationList;
			buildConfigurations = (
				423882AF1F0EACC9002B2B0D /* Debug */,
				423882B01F0EACC9002B2B0D /* Release */,
			);
			defaultConfigurationIsVisible = 0;
			defaultConfigurationName = Release;
		};
		52D6D9761BEFF229002C0205 /* Build configuration list for PBXProject "KayakoMessenger" */ = {
			isa = XCConfigurationList;
			buildConfigurations = (
				52D6D98E1BEFF229002C0205 /* Debug */,
				52D6D98F1BEFF229002C0205 /* Release */,
			);
			defaultConfigurationIsVisible = 0;
			defaultConfigurationName = Release;
		};
		52D6D9901BEFF229002C0205 /* Build configuration list for PBXNativeTarget "KayakoMessenger-iOS" */ = {
			isa = XCConfigurationList;
			buildConfigurations = (
				52D6D9911BEFF229002C0205 /* Debug */,
				52D6D9921BEFF229002C0205 /* Release */,
			);
			defaultConfigurationIsVisible = 0;
			defaultConfigurationName = Release;
		};
		52D6D9931BEFF229002C0205 /* Build configuration list for PBXNativeTarget "KayakoMessenger-iOS Tests" */ = {
			isa = XCConfigurationList;
			buildConfigurations = (
				52D6D9941BEFF229002C0205 /* Debug */,
				52D6D9951BEFF229002C0205 /* Release */,
			);
			defaultConfigurationIsVisible = 0;
			defaultConfigurationName = Release;
		};
/* End XCConfigurationList section */
	};
	rootObject = 52D6D9731BEFF229002C0205 /* Project object */;
}
